PODS:
  - Alamofire (5.5.0)
  - KeychainAccess (4.2.2)
  - Kingfisher (7.1.2)
  - R.swift (6.1.0):
    - R.swift.Library (~> 5.3.0)
  - R.swift.Library (5.3.0)
  - Realm (10.22.0):
    - Realm/Headers (= 10.22.0)
  - Realm/Headers (10.22.0)
  - RealmSwift (10.22.0):
    - Realm (= 10.22.0)
  - SwiftLint (0.46.2)
  - SwiftyBeaver (1.9.5)

DEPENDENCIES:
  - Alamofire
  - KeychainAccess
  - Kingfisher
  - R.swift
  - RealmSwift
  - SwiftLint
  - SwiftyBeaver

SPEC REPOS:
  trunk:
    - Alamofire
    - KeychainAccess
    - Kingfisher
    - R.swift
    - R.swift.Library
    - Realm
    - RealmSwift
    - SwiftLint
    - SwiftyBeaver

SPEC CHECKSUMS:
  Alamofire: 1c4fb5369c3fe93d2857c780d8bbe09f06f97e7c
  KeychainAccess: c0c4f7f38f6fc7bbe58f5702e25f7bd2f65abf51
  Kingfisher: 44ed6a8504763f27bab46163adfac83f5deb240c
  R.swift: ec98ff71c4ab2f6fd01dd077e5afd15e63a4834c
  R.swift.Library: 0fc583cb55a99e28901299cc451614cad1161962
  Realm: d9e4e5877095a6722145811f56fe89a531c9659d
  RealmSwift: e4191b4b957fcfcbed23751ec65eec98f8173ab5
  SwiftLint: 6bc52a21f0fd44cab9aa2dc8e534fb9f5e3ec507
  SwiftyBeaver: 84069991dd5dca07d7069100985badaca7f0ce82

PODFILE CHECKSUM: efade88b80d05e03d5d165f4ca43f8d32819f828

COCOAPODS: 1.11.2
