// !$*UTF8*$!
{
	archiveVersion = 1;
	classes = {
	};
	objectVersion = 51;
	objects = {

/* Begin PBXBuildFile section */
		03C5FE52F79527644EF4EAEA /* RegisterView.swift in Sources */ = {isa = PBXBuildFile; fileRef = 926665EC5A70BEB895E9F2A2 /* RegisterView.swift */; };
		050540E9052273AFADF18B9D /* UserDataStoring.swift in Sources */ = {isa = PBXBuildFile; fileRef = 9E86A5691229EFB0675702B7 /* UserDataStoring.swift */; };
		06BAC8818C8EC4BB0BB39059 /* MainView.swift in Sources */ = {isa = PBXBuildFile; fileRef = 64FCE530D6209267387CBAC7 /* MainView.swift */; };
		0A2DC666BB2F69051B6D3CCD /* Alegreya-Bold.ttf in Resources */ = {isa = PBXBuildFile; fileRef = 7C14A4D1E8E4563B2BE0DED8 /* Alegreya-Bold.ttf */; };
		0AE43803F718EFAD3F1C8257 /* Font+AppFonts.swift in Sources */ = {isa = PBXBuildFile; fileRef = 116D2E97F67C5062AA133C75 /* Font+AppFonts.swift */; };
		0E822C25A98FA925E2DD2A74 /* ImageCellAddView.swift in Sources */ = {isa = PBXBuildFile; fileRef = EA7D6594DD470056B81CEA89 /* ImageCellAddView.swift */; };
		11C95818026408E3588F9A85 /* NetworkService+Auth.swift in Sources */ = {isa = PBXBuildFile; fileRef = 0D328619AB3E9C257E75F913 /* NetworkService+Auth.swift */; };
		121FBA6C55F45884FF45DD51 /* Preview Assets.xcassets in Resources */ = {isa = PBXBuildFile; fileRef = CD898A5D9C00E6DBAC91D7C5 /* Preview Assets.xcassets */; };
		126D51E93A6D7C20A304D926 /* ContentImageView.swift in Sources */ = {isa = PBXBuildFile; fileRef = 7AC4CD0403648CE0DFBBDC20 /* ContentImageView.swift */; };
		12F4D28EFDD8ECB2FB180BD8 /* CardCellView.swift in Sources */ = {isa = PBXBuildFile; fileRef = F8683B1B34C374939319E066 /* CardCellView.swift */; };
		176EE65225117B1CFA0351E4 /* RealmServiceProviding.swift in Sources */ = {isa = PBXBuildFile; fileRef = 98A73803206925A6EDEFBF02 /* RealmServiceProviding.swift */; };
		19F74E209F1513C4628EE704 /* StorageError.swift in Sources */ = {isa = PBXBuildFile; fileRef = A3D649CF2C0830727FB2E687 /* StorageError.swift */; };
		1CAB2A3C6E28D6191DDC3405 /* NetworkService+Feelings.swift in Sources */ = {isa = PBXBuildFile; fileRef = 27696D642E53BF77DDE24A0A /* NetworkService+Feelings.swift */; };
		2160363328A1579C6F2D158D /* Alegreya-ExtraBold.ttf in Resources */ = {isa = PBXBuildFile; fileRef = 3F3C57867824994BCBC4F504 /* Alegreya-ExtraBold.ttf */; };
		2276027CD42563F12EBE3568 /* Image+CustomInit.swift in Sources */ = {isa = PBXBuildFile; fileRef = C60342E55AB45DE48222798A /* Image+CustomInit.swift */; };
		24ABD4FB05413A62A66B9EDF /* ChoiceCellView.swift in Sources */ = {isa = PBXBuildFile; fileRef = B391679B501043BB5BDBF11F /* ChoiceCellView.swift */; };
		25047C5A996E5B9C55E9E847 /* Logger.swift in Sources */ = {isa = PBXBuildFile; fileRef = E515046D4A090313FEE2E290 /* Logger.swift */; };
		2C8F1A2770E5E1F99E09A05F /* StorageErrors.strings in Resources */ = {isa = PBXBuildFile; fileRef = 062ADCB4F53875E87FD62DF0 /* StorageErrors.strings */; };
		2DB06EFB21649ECFC3062241 /* AppImageResource.swift in Sources */ = {isa = PBXBuildFile; fileRef = 9DE1E386F3BDEBD2E020CBFF /* AppImageResource.swift */; };
		2E47700563F3EA225110810A /* LaunchScreen.storyboard in Resources */ = {isa = PBXBuildFile; fileRef = 8B2E26EA9389EED22F8D4393 /* LaunchScreen.storyboard */; };
		323BB6D35621CE9B1DB3444F /* Alegreya-Regular.ttf in Resources */ = {isa = PBXBuildFile; fileRef = 31DD5D441716D8ED1DD4AF19 /* Alegreya-Regular.ttf */; };
		35E0742B99DA3849BD0F72BF /* Assets.xcassets in Resources */ = {isa = PBXBuildFile; fileRef = 3E01399DA1FD31A1CF737361 /* Assets.xcassets */; };
		397EC0ED52479F29A2A58852 /* DateFormatter+Format.swift in Sources */ = {isa = PBXBuildFile; fileRef = 0C196D6AA172310615D29CE3 /* DateFormatter+Format.swift */; };
		3AFC769976FEF917A77DF681 /* ProfileView.swift in Sources */ = {isa = PBXBuildFile; fileRef = 4397524746A59BF993D7CD4B /* ProfileView.swift */; };
		3C7E0E3566D6B218DB7C1135 /* Alamofire in Frameworks */ = {isa = PBXBuildFile; productRef = 54D51572518CA9E7BFD64F16 /* Alamofire */; };
		3C7F7C70059EA40C06EE9DD2 /* ImagePicker.swift in Sources */ = {isa = PBXBuildFile; fileRef = AD18EAFBB294A6C9AAF19292 /* ImagePicker.swift */; };
		3F7338A2AC99C0B9B5E5C879 /* ImageWithOptionalURL.swift in Sources */ = {isa = PBXBuildFile; fileRef = B0089A60ED7F850EF96667D1 /* ImageWithOptionalURL.swift */; };
		3F7DB54E1DE60154F35217C8 /* Quotes.swift in Sources */ = {isa = PBXBuildFile; fileRef = FC132CF3D3D1F6DC4F1B8A40 /* Quotes.swift */; };
		473790D1C5C02472137EBC3D /* Color+AppColors.swift in Sources */ = {isa = PBXBuildFile; fileRef = 9216163B19992BE0C1C022EE /* Color+AppColors.swift */; };
		4BBECFEE17761781D7F92D1C /* UserDataToSend.swift in Sources */ = {isa = PBXBuildFile; fileRef = F0C77E5CA7E35A9DC144EFAD /* UserDataToSend.swift */; };
		506F2FAF4362127D18380F74 /* Alegreya-MediumItalic.ttf in Resources */ = {isa = PBXBuildFile; fileRef = 3370C0DEB9CFA1C178158BCD /* Alegreya-MediumItalic.ttf */; };
		51CD5A4C2D02BA98E6116D93 /* AppDependencies.swift in Sources */ = {isa = PBXBuildFile; fileRef = ACACE15317D844CEC4A4634F /* AppDependencies.swift */; };
		56AA9AE834D7BEF6ACBA86B8 /* String+Unlocalized.swift in Sources */ = {isa = PBXBuildFile; fileRef = AB641A3734456F78DFC52768 /* String+Unlocalized.swift */; };
		5896436A4104E67F69061F87 /* TabbarView.swift in Sources */ = {isa = PBXBuildFile; fileRef = CFAEC0591124A085D07793FC /* TabbarView.swift */; };
		5A73505FF6F2C69F2C5FB5A9 /* ContentView.swift in Sources */ = {isa = PBXBuildFile; fileRef = 4148E2FDA40EDC188F592502 /* ContentView.swift */; };
		5EB05446FF1BDD974DFDA4DC /* RealmStorage.swift in Sources */ = {isa = PBXBuildFile; fileRef = AFA5A63820A74B01E20B7F73 /* RealmStorage.swift */; };
		604BD9AAD23F558899D8A3E0 /* ReceivedUserData.swift in Sources */ = {isa = PBXBuildFile; fileRef = CE3472E6AF2A7936D665F96A /* ReceivedUserData.swift */; };
		70442751E414A8EBD422305E /* UserDataStorage.swift in Sources */ = {isa = PBXBuildFile; fileRef = 3CEC9897B96268A25491A13B /* UserDataStorage.swift */; };
		7BBE39BCF53972FBA890CEDB /* ImageCellView.swift in Sources */ = {isa = PBXBuildFile; fileRef = 60037A718B1A93B4295B2DBC /* ImageCellView.swift */; };
		7D32808406A92B77F1B7DB12 /* Alegreya-BlackItalic.ttf in Resources */ = {isa = PBXBuildFile; fileRef = B6B800DCAD1CBC1BFA21D705 /* Alegreya-BlackItalic.ttf */; };
		84CD5038280373B68636B190 /* Constants.swift in Sources */ = {isa = PBXBuildFile; fileRef = AB56DDB391D4E017E50BC9A7 /* Constants.swift */; };
		87BB7A4694C4DF6DA97012DE /* KeychainAccess in Frameworks */ = {isa = PBXBuildFile; productRef = CCD438FD0CA068F7842B70C2 /* KeychainAccess */; };
		8AB0F579B2F59CC090D08597 /* URLFactory.swift in Sources */ = {isa = PBXBuildFile; fileRef = D9788D7070C3AE8A9C96660A /* URLFactory.swift */; };
		8E59279B2F1B25CD96AC1AB1 /* StorageServiceProtocols.swift in Sources */ = {isa = PBXBuildFile; fileRef = CAC3CCB29D64ECE4BBD1A5C2 /* StorageServiceProtocols.swift */; };
		913CC1025BFE54B3A7F0CCFC /* R.generated.swift in Sources */ = {isa = PBXBuildFile; fileRef = 044C3657E48A87E72C9F132B /* R.generated.swift */; };
		917B046C13B32D8747EB8E3C /* RequestLogger.swift in Sources */ = {isa = PBXBuildFile; fileRef = D387A947254EC2F47C2B7F99 /* RequestLogger.swift */; };
		9836CBAB36C3EE6CB4D40D39 /* Alegreya-BoldItalic.ttf in Resources */ = {isa = PBXBuildFile; fileRef = 9EC0F38E9E03C9E3FE272970 /* Alegreya-BoldItalic.ttf */; };
		9D39D0882EBCDF7D371F6E66 /* NetworkErrorService.swift in Sources */ = {isa = PBXBuildFile; fileRef = 776A3E06ECDE9D0743A2D205 /* NetworkErrorService.swift */; };
		9EB9DB551A6F9C8D9BC00BD8 /* Alamofire+Response.swift in Sources */ = {isa = PBXBuildFile; fileRef = DCC84EFB65E881E41FAAF317 /* Alamofire+Response.swift */; };
		A097D3EDB84AAF19B351986B /* NetworkErrors.strings in Resources */ = {isa = PBXBuildFile; fileRef = 4EB9D1B1483DC839B6DCF391 /* NetworkErrors.strings */; };
		A71107DD0364A40AE1DD79A0 /* MeditationApp.swift in Sources */ = {isa = PBXBuildFile; fileRef = 68DC1DBD42D65FC99E677D9B /* MeditationApp.swift */; };
		AABA5ECB23FA17287DE5320B /* Feelings.swift in Sources */ = {isa = PBXBuildFile; fileRef = C48849F1F1C818B0FCBDFA79 /* Feelings.swift */; };
		AB51D903A9CE8D20D6822083 /* NetworkServiceError.swift in Sources */ = {isa = PBXBuildFile; fileRef = AEEB0C07E6028333C5EA5E88 /* NetworkServiceError.swift */; };
		BDF5AB68FD659D721F50F003 /* Alegreya-Black.ttf in Resources */ = {isa = PBXBuildFile; fileRef = C425AB474E267A720B34A38C /* Alegreya-Black.ttf */; };
		BECF291E6F7006609F39DE27 /* Alegreya-Medium.ttf in Resources */ = {isa = PBXBuildFile; fileRef = FF67C1EA8A155D251CAC6CFC /* Alegreya-Medium.ttf */; };
		C09D06A90AA4DC5D4D284F71 /* NetworkServiceProtocols.swift in Sources */ = {isa = PBXBuildFile; fileRef = A1FB193537A799BB86CB3DD5 /* NetworkServiceProtocols.swift */; };
		C81319D52DB9F57B3BC76109 /* StorageService.swift in Sources */ = {isa = PBXBuildFile; fileRef = B0CA99659BAF97A0BED464B5 /* StorageService.swift */; };
		C9F8674C5F4D9607DC2CEA61 /* RealmSwift in Frameworks */ = {isa = PBXBuildFile; productRef = C3D2F846298DD027F7DEDDBE /* RealmSwift */; };
		CA2A27E632D1D2E700F33488 /* ImageDescription.swift in Sources */ = {isa = PBXBuildFile; fileRef = 342455C3059FE738C7C29FDC /* ImageDescription.swift */; };
		CA99A953BD37EDE05B211065 /* SwiftyBeaver in Frameworks */ = {isa = PBXBuildFile; productRef = 950587A009A3D480FFD3EA44 /* SwiftyBeaver */; };
		CB6642FF199084CCDF6F4A21 /* StorePropertyWrappers.swift in Sources */ = {isa = PBXBuildFile; fileRef = EFB515865CF3D6283F41DA82 /* StorePropertyWrappers.swift */; };
		CFFA417CFFA18F1C765D8EE5 /* CommonErrors.strings in Resources */ = {isa = PBXBuildFile; fileRef = 922FF62FC91D7C4290905AD5 /* CommonErrors.strings */; };
		D28AB8BA8A9C7482AA96E695 /* LoginView.swift in Sources */ = {isa = PBXBuildFile; fileRef = B7F845B301F7F2D326B96BB5 /* LoginView.swift */; };
		D42DBE8CB79B0162877D8EF1 /* Storage.swift in Sources */ = {isa = PBXBuildFile; fileRef = 527EA3107547A5D201A447DF /* Storage.swift */; };
		DE756A1BE632E57B5F94850E /* NetworkService+Quotes.swift in Sources */ = {isa = PBXBuildFile; fileRef = D51824903D972C66939421D0 /* NetworkService+Quotes.swift */; };
		DF84EABB3DC3E5224FE44208 /* WelcomeView.swift in Sources */ = {isa = PBXBuildFile; fileRef = C214DE9EC3501B315AB0B979 /* WelcomeView.swift */; };
		E0BFEEF2ECD0C14160A8A1A4 /* Placeholder.swift in Sources */ = {isa = PBXBuildFile; fileRef = 450AC5918EA8119FFA85B2E0 /* Placeholder.swift */; };
		E15DC1514341FB5322938AC6 /* Alegreya-ExtraBoldItalic.ttf in Resources */ = {isa = PBXBuildFile; fileRef = DE75A1A8983B4236E7738381 /* Alegreya-ExtraBoldItalic.ttf */; };
		E3F3F64F87BC8B40379CB511 /* URLProvider.swift in Sources */ = {isa = PBXBuildFile; fileRef = CDC19D92E37F213F5237C290 /* URLProvider.swift */; };
		EFFD2C4E3A538908FB909E30 /* Alegreya-Italic.ttf in Resources */ = {isa = PBXBuildFile; fileRef = 7BF6F884B5F62EED47C8C5BD /* Alegreya-Italic.ttf */; };
		F087CEF9E4ED82DEA2F2A36D /* NetworkService.swift in Sources */ = {isa = PBXBuildFile; fileRef = 9E5020D318B6B91279C10A63 /* NetworkService.swift */; };
		F1D72380539FFBA51D56E9EE /* CustomButton.swift in Sources */ = {isa = PBXBuildFile; fileRef = E8176307FB5565DD6BB33776 /* CustomButton.swift */; };
		F645FE1B9B27D523026BBD1D /* StorageService+Images.swift in Sources */ = {isa = PBXBuildFile; fileRef = 402FC0AB9D3C32FC7CD25230 /* StorageService+Images.swift */; };
		FA24E3C5D1B696013F2D39E1 /* Kingfisher in Frameworks */ = {isa = PBXBuildFile; productRef = C7683A56411B66B79CDFEBEF /* Kingfisher */; };
/* End PBXBuildFile section */

/* Begin PBXFileReference section */
		044C3657E48A87E72C9F132B /* R.generated.swift */ = {isa = PBXFileReference; lastKnownFileType = sourcecode.swift; path = R.generated.swift; sourceTree = "<group>"; };
		062ADCB4F53875E87FD62DF0 /* StorageErrors.strings */ = {isa = PBXFileReference; lastKnownFileType = text.plist.strings; path = StorageErrors.strings; sourceTree = "<group>"; };
		0C196D6AA172310615D29CE3 /* DateFormatter+Format.swift */ = {isa = PBXFileReference; lastKnownFileType = sourcecode.swift; path = "DateFormatter+Format.swift"; sourceTree = "<group>"; };
		0D328619AB3E9C257E75F913 /* NetworkService+Auth.swift */ = {isa = PBXFileReference; lastKnownFileType = sourcecode.swift; path = "NetworkService+Auth.swift"; sourceTree = "<group>"; };
		116D2E97F67C5062AA133C75 /* Font+AppFonts.swift */ = {isa = PBXFileReference; lastKnownFileType = sourcecode.swift; path = "Font+AppFonts.swift"; sourceTree = "<group>"; };
		27696D642E53BF77DDE24A0A /* NetworkService+Feelings.swift */ = {isa = PBXFileReference; lastKnownFileType = sourcecode.swift; path = "NetworkService+Feelings.swift"; sourceTree = "<group>"; };
		31DD5D441716D8ED1DD4AF19 /* Alegreya-Regular.ttf */ = {isa = PBXFileReference; lastKnownFileType = file; path = "Alegreya-Regular.ttf"; sourceTree = "<group>"; };
		3370C0DEB9CFA1C178158BCD /* Alegreya-MediumItalic.ttf */ = {isa = PBXFileReference; lastKnownFileType = file; path = "Alegreya-MediumItalic.ttf"; sourceTree = "<group>"; };
		342455C3059FE738C7C29FDC /* ImageDescription.swift */ = {isa = PBXFileReference; lastKnownFileType = sourcecode.swift; path = ImageDescription.swift; sourceTree = "<group>"; };
		3CEC9897B96268A25491A13B /* UserDataStorage.swift */ = {isa = PBXFileReference; lastKnownFileType = sourcecode.swift; path = UserDataStorage.swift; sourceTree = "<group>"; };
		3E01399DA1FD31A1CF737361 /* Assets.xcassets */ = {isa = PBXFileReference; lastKnownFileType = folder.assetcatalog; path = Assets.xcassets; sourceTree = "<group>"; };
		3F3C57867824994BCBC4F504 /* Alegreya-ExtraBold.ttf */ = {isa = PBXFileReference; lastKnownFileType = file; path = "Alegreya-ExtraBold.ttf"; sourceTree = "<group>"; };
		402FC0AB9D3C32FC7CD25230 /* StorageService+Images.swift */ = {isa = PBXFileReference; lastKnownFileType = sourcecode.swift; path = "StorageService+Images.swift"; sourceTree = "<group>"; };
		4148E2FDA40EDC188F592502 /* ContentView.swift */ = {isa = PBXFileReference; lastKnownFileType = sourcecode.swift; path = ContentView.swift; sourceTree = "<group>"; };
		4397524746A59BF993D7CD4B /* ProfileView.swift */ = {isa = PBXFileReference; lastKnownFileType = sourcecode.swift; path = ProfileView.swift; sourceTree = "<group>"; };
		450AC5918EA8119FFA85B2E0 /* Placeholder.swift */ = {isa = PBXFileReference; lastKnownFileType = sourcecode.swift; path = Placeholder.swift; sourceTree = "<group>"; };
		4EB9D1B1483DC839B6DCF391 /* NetworkErrors.strings */ = {isa = PBXFileReference; lastKnownFileType = text.plist.strings; path = NetworkErrors.strings; sourceTree = "<group>"; };
		527EA3107547A5D201A447DF /* Storage.swift */ = {isa = PBXFileReference; lastKnownFileType = sourcecode.swift; path = Storage.swift; sourceTree = "<group>"; };
		555D1079D661F7F5F1F4C39E /* Meditation.app */ = {isa = PBXFileReference; includeInIndex = 0; lastKnownFileType = wrapper.application; path = Meditation.app; sourceTree = BUILT_PRODUCTS_DIR; };
		60037A718B1A93B4295B2DBC /* ImageCellView.swift */ = {isa = PBXFileReference; lastKnownFileType = sourcecode.swift; path = ImageCellView.swift; sourceTree = "<group>"; };
		64FCE530D6209267387CBAC7 /* MainView.swift */ = {isa = PBXFileReference; lastKnownFileType = sourcecode.swift; path = MainView.swift; sourceTree = "<group>"; };
		676B1C722229FC76D6AFD6C2 /* Info.plist */ = {isa = PBXFileReference; lastKnownFileType = text.plist; path = Info.plist; sourceTree = "<group>"; };
		68DC1DBD42D65FC99E677D9B /* MeditationApp.swift */ = {isa = PBXFileReference; lastKnownFileType = sourcecode.swift; path = MeditationApp.swift; sourceTree = "<group>"; };
		776A3E06ECDE9D0743A2D205 /* NetworkErrorService.swift */ = {isa = PBXFileReference; lastKnownFileType = sourcecode.swift; path = NetworkErrorService.swift; sourceTree = "<group>"; };
		7AC4CD0403648CE0DFBBDC20 /* ContentImageView.swift */ = {isa = PBXFileReference; lastKnownFileType = sourcecode.swift; path = ContentImageView.swift; sourceTree = "<group>"; };
		7BF6F884B5F62EED47C8C5BD /* Alegreya-Italic.ttf */ = {isa = PBXFileReference; lastKnownFileType = file; path = "Alegreya-Italic.ttf"; sourceTree = "<group>"; };
		7C14A4D1E8E4563B2BE0DED8 /* Alegreya-Bold.ttf */ = {isa = PBXFileReference; lastKnownFileType = file; path = "Alegreya-Bold.ttf"; sourceTree = "<group>"; };
		8B2E26EA9389EED22F8D4393 /* LaunchScreen.storyboard */ = {isa = PBXFileReference; lastKnownFileType = file.storyboard; path = LaunchScreen.storyboard; sourceTree = "<group>"; };
		9216163B19992BE0C1C022EE /* Color+AppColors.swift */ = {isa = PBXFileReference; lastKnownFileType = sourcecode.swift; path = "Color+AppColors.swift"; sourceTree = "<group>"; };
		922FF62FC91D7C4290905AD5 /* CommonErrors.strings */ = {isa = PBXFileReference; lastKnownFileType = text.plist.strings; path = CommonErrors.strings; sourceTree = "<group>"; };
		926665EC5A70BEB895E9F2A2 /* RegisterView.swift */ = {isa = PBXFileReference; lastKnownFileType = sourcecode.swift; path = RegisterView.swift; sourceTree = "<group>"; };
		98A73803206925A6EDEFBF02 /* RealmServiceProviding.swift */ = {isa = PBXFileReference; lastKnownFileType = sourcecode.swift; path = RealmServiceProviding.swift; sourceTree = "<group>"; };
		9DE1E386F3BDEBD2E020CBFF /* AppImageResource.swift */ = {isa = PBXFileReference; lastKnownFileType = sourcecode.swift; path = AppImageResource.swift; sourceTree = "<group>"; };
		9E5020D318B6B91279C10A63 /* NetworkService.swift */ = {isa = PBXFileReference; lastKnownFileType = sourcecode.swift; path = NetworkService.swift; sourceTree = "<group>"; };
		9E86A5691229EFB0675702B7 /* UserDataStoring.swift */ = {isa = PBXFileReference; lastKnownFileType = sourcecode.swift; path = UserDataStoring.swift; sourceTree = "<group>"; };
		9EC0F38E9E03C9E3FE272970 /* Alegreya-BoldItalic.ttf */ = {isa = PBXFileReference; lastKnownFileType = file; path = "Alegreya-BoldItalic.ttf"; sourceTree = "<group>"; };
		A1FB193537A799BB86CB3DD5 /* NetworkServiceProtocols.swift */ = {isa = PBXFileReference; lastKnownFileType = sourcecode.swift; path = NetworkServiceProtocols.swift; sourceTree = "<group>"; };
		A3D649CF2C0830727FB2E687 /* StorageError.swift */ = {isa = PBXFileReference; lastKnownFileType = sourcecode.swift; path = StorageError.swift; sourceTree = "<group>"; };
		AB56DDB391D4E017E50BC9A7 /* Constants.swift */ = {isa = PBXFileReference; lastKnownFileType = sourcecode.swift; path = Constants.swift; sourceTree = "<group>"; };
		AB641A3734456F78DFC52768 /* String+Unlocalized.swift */ = {isa = PBXFileReference; lastKnownFileType = sourcecode.swift; path = "String+Unlocalized.swift"; sourceTree = "<group>"; };
		ACACE15317D844CEC4A4634F /* AppDependencies.swift */ = {isa = PBXFileReference; lastKnownFileType = sourcecode.swift; path = AppDependencies.swift; sourceTree = "<group>"; };
		AD18EAFBB294A6C9AAF19292 /* ImagePicker.swift */ = {isa = PBXFileReference; lastKnownFileType = sourcecode.swift; path = ImagePicker.swift; sourceTree = "<group>"; };
		AEEB0C07E6028333C5EA5E88 /* NetworkServiceError.swift */ = {isa = PBXFileReference; lastKnownFileType = sourcecode.swift; path = NetworkServiceError.swift; sourceTree = "<group>"; };
		AFA5A63820A74B01E20B7F73 /* RealmStorage.swift */ = {isa = PBXFileReference; lastKnownFileType = sourcecode.swift; path = RealmStorage.swift; sourceTree = "<group>"; };
		B0089A60ED7F850EF96667D1 /* ImageWithOptionalURL.swift */ = {isa = PBXFileReference; lastKnownFileType = sourcecode.swift; path = ImageWithOptionalURL.swift; sourceTree = "<group>"; };
		B0CA99659BAF97A0BED464B5 /* StorageService.swift */ = {isa = PBXFileReference; lastKnownFileType = sourcecode.swift; path = StorageService.swift; sourceTree = "<group>"; };
		B391679B501043BB5BDBF11F /* ChoiceCellView.swift */ = {isa = PBXFileReference; lastKnownFileType = sourcecode.swift; path = ChoiceCellView.swift; sourceTree = "<group>"; };
		B6B800DCAD1CBC1BFA21D705 /* Alegreya-BlackItalic.ttf */ = {isa = PBXFileReference; lastKnownFileType = file; path = "Alegreya-BlackItalic.ttf"; sourceTree = "<group>"; };
		B7F845B301F7F2D326B96BB5 /* LoginView.swift */ = {isa = PBXFileReference; lastKnownFileType = sourcecode.swift; path = LoginView.swift; sourceTree = "<group>"; };
		C214DE9EC3501B315AB0B979 /* WelcomeView.swift */ = {isa = PBXFileReference; lastKnownFileType = sourcecode.swift; path = WelcomeView.swift; sourceTree = "<group>"; };
		C425AB474E267A720B34A38C /* Alegreya-Black.ttf */ = {isa = PBXFileReference; lastKnownFileType = file; path = "Alegreya-Black.ttf"; sourceTree = "<group>"; };
		C48849F1F1C818B0FCBDFA79 /* Feelings.swift */ = {isa = PBXFileReference; lastKnownFileType = sourcecode.swift; path = Feelings.swift; sourceTree = "<group>"; };
		C60342E55AB45DE48222798A /* Image+CustomInit.swift */ = {isa = PBXFileReference; lastKnownFileType = sourcecode.swift; path = "Image+CustomInit.swift"; sourceTree = "<group>"; };
		CAC3CCB29D64ECE4BBD1A5C2 /* StorageServiceProtocols.swift */ = {isa = PBXFileReference; lastKnownFileType = sourcecode.swift; path = StorageServiceProtocols.swift; sourceTree = "<group>"; };
		CD898A5D9C00E6DBAC91D7C5 /* Preview Assets.xcassets */ = {isa = PBXFileReference; lastKnownFileType = folder.assetcatalog; path = "Preview Assets.xcassets"; sourceTree = "<group>"; };
		CDC19D92E37F213F5237C290 /* URLProvider.swift */ = {isa = PBXFileReference; lastKnownFileType = sourcecode.swift; path = URLProvider.swift; sourceTree = "<group>"; };
		CE3472E6AF2A7936D665F96A /* ReceivedUserData.swift */ = {isa = PBXFileReference; lastKnownFileType = sourcecode.swift; path = ReceivedUserData.swift; sourceTree = "<group>"; };
		CFAEC0591124A085D07793FC /* TabbarView.swift */ = {isa = PBXFileReference; lastKnownFileType = sourcecode.swift; path = TabbarView.swift; sourceTree = "<group>"; };
		D387A947254EC2F47C2B7F99 /* RequestLogger.swift */ = {isa = PBXFileReference; lastKnownFileType = sourcecode.swift; path = RequestLogger.swift; sourceTree = "<group>"; };
		D51824903D972C66939421D0 /* NetworkService+Quotes.swift */ = {isa = PBXFileReference; lastKnownFileType = sourcecode.swift; path = "NetworkService+Quotes.swift"; sourceTree = "<group>"; };
		D9788D7070C3AE8A9C96660A /* URLFactory.swift */ = {isa = PBXFileReference; lastKnownFileType = sourcecode.swift; path = URLFactory.swift; sourceTree = "<group>"; };
		DCC84EFB65E881E41FAAF317 /* Alamofire+Response.swift */ = {isa = PBXFileReference; lastKnownFileType = sourcecode.swift; path = "Alamofire+Response.swift"; sourceTree = "<group>"; };
		DE75A1A8983B4236E7738381 /* Alegreya-ExtraBoldItalic.ttf */ = {isa = PBXFileReference; lastKnownFileType = file; path = "Alegreya-ExtraBoldItalic.ttf"; sourceTree = "<group>"; };
		E515046D4A090313FEE2E290 /* Logger.swift */ = {isa = PBXFileReference; lastKnownFileType = sourcecode.swift; path = Logger.swift; sourceTree = "<group>"; };
		E8176307FB5565DD6BB33776 /* CustomButton.swift */ = {isa = PBXFileReference; lastKnownFileType = sourcecode.swift; path = CustomButton.swift; sourceTree = "<group>"; };
		EA7D6594DD470056B81CEA89 /* ImageCellAddView.swift */ = {isa = PBXFileReference; lastKnownFileType = sourcecode.swift; path = ImageCellAddView.swift; sourceTree = "<group>"; };
		EFB515865CF3D6283F41DA82 /* StorePropertyWrappers.swift */ = {isa = PBXFileReference; lastKnownFileType = sourcecode.swift; path = StorePropertyWrappers.swift; sourceTree = "<group>"; };
		F0C77E5CA7E35A9DC144EFAD /* UserDataToSend.swift */ = {isa = PBXFileReference; lastKnownFileType = sourcecode.swift; path = UserDataToSend.swift; sourceTree = "<group>"; };
		F8683B1B34C374939319E066 /* CardCellView.swift */ = {isa = PBXFileReference; lastKnownFileType = sourcecode.swift; path = CardCellView.swift; sourceTree = "<group>"; };
		FC132CF3D3D1F6DC4F1B8A40 /* Quotes.swift */ = {isa = PBXFileReference; lastKnownFileType = sourcecode.swift; path = Quotes.swift; sourceTree = "<group>"; };
		FF67C1EA8A155D251CAC6CFC /* Alegreya-Medium.ttf */ = {isa = PBXFileReference; lastKnownFileType = file; path = "Alegreya-Medium.ttf"; sourceTree = "<group>"; };
/* End PBXFileReference section */

/* Begin PBXFrameworksBuildPhase section */
		06A51635F10D5868D9CA1EEE /* Frameworks */ = {
			isa = PBXFrameworksBuildPhase;
			buildActionMask = 2147483647;
			files = (
				3C7E0E3566D6B218DB7C1135 /* Alamofire in Frameworks */,
				FA24E3C5D1B696013F2D39E1 /* Kingfisher in Frameworks */,
				C9F8674C5F4D9607DC2CEA61 /* RealmSwift in Frameworks */,
				CA99A953BD37EDE05B211065 /* SwiftyBeaver in Frameworks */,
				87BB7A4694C4DF6DA97012DE /* KeychainAccess in Frameworks */,
			);
			runOnlyForDeploymentPostprocessing = 0;
		};
/* End PBXFrameworksBuildPhase section */

/* Begin PBXGroup section */
		0245E9E3ECE918DAC59C0ADB /* Concrete Requests */ = {
			isa = PBXGroup;
			children = (
				0D328619AB3E9C257E75F913 /* NetworkService+Auth.swift */,
				27696D642E53BF77DDE24A0A /* NetworkService+Feelings.swift */,
				D51824903D972C66939421D0 /* NetworkService+Quotes.swift */,
				A1FB193537A799BB86CB3DD5 /* NetworkServiceProtocols.swift */,
			);
			path = "Concrete Requests";
			sourceTree = "<group>";
		};
		18D4710E5C68189F94F848F6 /* Main */ = {
			isa = PBXGroup;
			children = (
				F8683B1B34C374939319E066 /* CardCellView.swift */,
				B391679B501043BB5BDBF11F /* ChoiceCellView.swift */,
				64FCE530D6209267387CBAC7 /* MainView.swift */,
			);
			path = Main;
			sourceTree = "<group>";
		};
		1FB8D4B5A5C4BF82BDA8DB0E /* Resources */ = {
			isa = PBXGroup;
			children = (
				3E01399DA1FD31A1CF737361 /* Assets.xcassets */,
				044C3657E48A87E72C9F132B /* R.generated.swift */,
				E748F39F031ADC53AB758D20 /* Fonts */,
				6785E1AA59A26BFC4B63EBFC /* Images */,
				96AE666BD11B4D6F0F763C5A /* Preview Content */,
				D9A0EBB03CA7FDC9909F5A88 /* Strings */,
			);
			path = Resources;
			sourceTree = "<group>";
		};
		1FFD12ACE97D263B28924628 /* Network */ = {
			isa = PBXGroup;
			children = (
				776A3E06ECDE9D0743A2D205 /* NetworkErrorService.swift */,
				9E5020D318B6B91279C10A63 /* NetworkService.swift */,
				AEEB0C07E6028333C5EA5E88 /* NetworkServiceError.swift */,
				D387A947254EC2F47C2B7F99 /* RequestLogger.swift */,
				D9788D7070C3AE8A9C96660A /* URLFactory.swift */,
				CDC19D92E37F213F5237C290 /* URLProvider.swift */,
				0245E9E3ECE918DAC59C0ADB /* Concrete Requests */,
				5F72944226A080592CC814EB /* Model */,
			);
			path = Network;
			sourceTree = "<group>";
		};
		20528095539425D7C9CAD61A /* Utils */ = {
			isa = PBXGroup;
			children = (
				ACACE15317D844CEC4A4634F /* AppDependencies.swift */,
			);
			path = Utils;
			sourceTree = "<group>";
		};
		3247246B3FCB8732F420A643 /* Services */ = {
			isa = PBXGroup;
			children = (
				1FFD12ACE97D263B28924628 /* Network */,
				A212001727BF3993795ED9F7 /* RealmStorage */,
				A229156ACE693C8040CF8D99 /* SystemStorage */,
				E3741B3F89398629B5C3F3D0 /* UserDataStorage */,
			);
			path = Services;
			sourceTree = "<group>";
		};
		3734E461DDA9BBBD88CEA278 /* Profile */ = {
			isa = PBXGroup;
			children = (
				7AC4CD0403648CE0DFBBDC20 /* ContentImageView.swift */,
				EA7D6594DD470056B81CEA89 /* ImageCellAddView.swift */,
				60037A718B1A93B4295B2DBC /* ImageCellView.swift */,
				4397524746A59BF993D7CD4B /* ProfileView.swift */,
			);
			path = Profile;
			sourceTree = "<group>";
		};
		4EE12E190EBB6E5BDE39CC1E = {
			isa = PBXGroup;
			children = (
				1FB8D4B5A5C4BF82BDA8DB0E /* Resources */,
				7352651F4BD8DB0FD483B1D9 /* Sources */,
				9110BCA4280543F557C17319 /* Supporting Files */,
				757283FF28761B4187809580 /* Products */,
			);
			sourceTree = "<group>";
		};
		5F72944226A080592CC814EB /* Model */ = {
			isa = PBXGroup;
			children = (
				82F49CE2FED689BD0BE3F54F /* Requests */,
				F64865BE5BB3130C38DDD7F1 /* Responses */,
			);
			path = Model;
			sourceTree = "<group>";
		};
		5F80E8FEAF0FBD7891D280BC /* View Components */ = {
			isa = PBXGroup;
			children = (
				E8176307FB5565DD6BB33776 /* CustomButton.swift */,
				AD18EAFBB294A6C9AAF19292 /* ImagePicker.swift */,
				B0089A60ED7F850EF96667D1 /* ImageWithOptionalURL.swift */,
				450AC5918EA8119FFA85B2E0 /* Placeholder.swift */,
			);
			path = "View Components";
			sourceTree = "<group>";
		};
		5FBBFB14193C1665DC003630 /* Register */ = {
			isa = PBXGroup;
			children = (
				926665EC5A70BEB895E9F2A2 /* RegisterView.swift */,
			);
			path = Register;
			sourceTree = "<group>";
		};
		6785E1AA59A26BFC4B63EBFC /* Images */ = {
			isa = PBXGroup;
			children = (
				9DE1E386F3BDEBD2E020CBFF /* AppImageResource.swift */,
			);
			path = Images;
			sourceTree = "<group>";
		};
		7352651F4BD8DB0FD483B1D9 /* Sources */ = {
			isa = PBXGroup;
			children = (
				BDF563C758CECAAE46016054 /* Application */,
				A740CC4A37FC22604194B928 /* Common */,
				D4573197D83F07CE524E1BA6 /* Extensions */,
				CD09C8FBBBC330355E344D25 /* Modules */,
				3247246B3FCB8732F420A643 /* Services */,
				20528095539425D7C9CAD61A /* Utils */,
				5F80E8FEAF0FBD7891D280BC /* View Components */,
			);
			path = Sources;
			sourceTree = "<group>";
		};
		757283FF28761B4187809580 /* Products */ = {
			isa = PBXGroup;
			children = (
				555D1079D661F7F5F1F4C39E /* Meditation.app */,
			);
			name = Products;
			sourceTree = "<group>";
		};
		82F49CE2FED689BD0BE3F54F /* Requests */ = {
			isa = PBXGroup;
			children = (
				F0C77E5CA7E35A9DC144EFAD /* UserDataToSend.swift */,
			);
			path = Requests;
			sourceTree = "<group>";
		};
		8A458BECA368C047D6A41882 /* Alegreya */ = {
			isa = PBXGroup;
			children = (
				C425AB474E267A720B34A38C /* Alegreya-Black.ttf */,
				B6B800DCAD1CBC1BFA21D705 /* Alegreya-BlackItalic.ttf */,
				7C14A4D1E8E4563B2BE0DED8 /* Alegreya-Bold.ttf */,
				9EC0F38E9E03C9E3FE272970 /* Alegreya-BoldItalic.ttf */,
				3F3C57867824994BCBC4F504 /* Alegreya-ExtraBold.ttf */,
				DE75A1A8983B4236E7738381 /* Alegreya-ExtraBoldItalic.ttf */,
				7BF6F884B5F62EED47C8C5BD /* Alegreya-Italic.ttf */,
				FF67C1EA8A155D251CAC6CFC /* Alegreya-Medium.ttf */,
				3370C0DEB9CFA1C178158BCD /* Alegreya-MediumItalic.ttf */,
				31DD5D441716D8ED1DD4AF19 /* Alegreya-Regular.ttf */,
			);
			path = Alegreya;
			sourceTree = "<group>";
		};
		9110BCA4280543F557C17319 /* Supporting Files */ = {
			isa = PBXGroup;
			children = (
				676B1C722229FC76D6AFD6C2 /* Info.plist */,
			);
			path = "Supporting Files";
			sourceTree = "<group>";
		};
		96AE666BD11B4D6F0F763C5A /* Preview Content */ = {
			isa = PBXGroup;
			children = (
				CD898A5D9C00E6DBAC91D7C5 /* Preview Assets.xcassets */,
			);
			path = "Preview Content";
			sourceTree = "<group>";
		};
		9F75824C515670C9111A991A /* Login */ = {
			isa = PBXGroup;
			children = (
				B7F845B301F7F2D326B96BB5 /* LoginView.swift */,
			);
			path = Login;
			sourceTree = "<group>";
		};
		A0BA077ADD90A63AB14AD2BC /* Tabbar */ = {
			isa = PBXGroup;
			children = (
				CFAEC0591124A085D07793FC /* TabbarView.swift */,
			);
			path = Tabbar;
			sourceTree = "<group>";
		};
		A212001727BF3993795ED9F7 /* RealmStorage */ = {
			isa = PBXGroup;
			children = (
				98A73803206925A6EDEFBF02 /* RealmServiceProviding.swift */,
				AFA5A63820A74B01E20B7F73 /* RealmStorage.swift */,
				F944EFCE5ACFE947F5ABC20D /* Model */,
			);
			path = RealmStorage;
			sourceTree = "<group>";
		};
		A229156ACE693C8040CF8D99 /* SystemStorage */ = {
			isa = PBXGroup;
			children = (
				527EA3107547A5D201A447DF /* Storage.swift */,
				A3D649CF2C0830727FB2E687 /* StorageError.swift */,
				B0CA99659BAF97A0BED464B5 /* StorageService.swift */,
				DF8114B0E7E0F7399E02E8B5 /* Concrete Storages */,
			);
			path = SystemStorage;
			sourceTree = "<group>";
		};
		A740CC4A37FC22604194B928 /* Common */ = {
			isa = PBXGroup;
			children = (
				AB56DDB391D4E017E50BC9A7 /* Constants.swift */,
				E515046D4A090313FEE2E290 /* Logger.swift */,
			);
			path = Common;
			sourceTree = "<group>";
		};
		BDF563C758CECAAE46016054 /* Application */ = {
			isa = PBXGroup;
			children = (
				8B2E26EA9389EED22F8D4393 /* LaunchScreen.storyboard */,
				68DC1DBD42D65FC99E677D9B /* MeditationApp.swift */,
			);
			path = Application;
			sourceTree = "<group>";
		};
		CD09C8FBBBC330355E344D25 /* Modules */ = {
			isa = PBXGroup;
			children = (
				4148E2FDA40EDC188F592502 /* ContentView.swift */,
				9F75824C515670C9111A991A /* Login */,
				18D4710E5C68189F94F848F6 /* Main */,
				3734E461DDA9BBBD88CEA278 /* Profile */,
				5FBBFB14193C1665DC003630 /* Register */,
				A0BA077ADD90A63AB14AD2BC /* Tabbar */,
				E9C8CBD29DA1EF3A70DC7523 /* Welcome */,
			);
			path = Modules;
			sourceTree = "<group>";
		};
		D4573197D83F07CE524E1BA6 /* Extensions */ = {
			isa = PBXGroup;
			children = (
				DCC84EFB65E881E41FAAF317 /* Alamofire+Response.swift */,
				9216163B19992BE0C1C022EE /* Color+AppColors.swift */,
				0C196D6AA172310615D29CE3 /* DateFormatter+Format.swift */,
				116D2E97F67C5062AA133C75 /* Font+AppFonts.swift */,
				C60342E55AB45DE48222798A /* Image+CustomInit.swift */,
				AB641A3734456F78DFC52768 /* String+Unlocalized.swift */,
			);
			path = Extensions;
			sourceTree = "<group>";
		};
		D9A0EBB03CA7FDC9909F5A88 /* Strings */ = {
			isa = PBXGroup;
			children = (
				922FF62FC91D7C4290905AD5 /* CommonErrors.strings */,
				4EB9D1B1483DC839B6DCF391 /* NetworkErrors.strings */,
				062ADCB4F53875E87FD62DF0 /* StorageErrors.strings */,
			);
			path = Strings;
			sourceTree = "<group>";
		};
		DF8114B0E7E0F7399E02E8B5 /* Concrete Storages */ = {
			isa = PBXGroup;
			children = (
				402FC0AB9D3C32FC7CD25230 /* StorageService+Images.swift */,
				CAC3CCB29D64ECE4BBD1A5C2 /* StorageServiceProtocols.swift */,
			);
			path = "Concrete Storages";
			sourceTree = "<group>";
		};
		E3741B3F89398629B5C3F3D0 /* UserDataStorage */ = {
			isa = PBXGroup;
			children = (
				EFB515865CF3D6283F41DA82 /* StorePropertyWrappers.swift */,
				3CEC9897B96268A25491A13B /* UserDataStorage.swift */,
				9E86A5691229EFB0675702B7 /* UserDataStoring.swift */,
			);
			path = UserDataStorage;
			sourceTree = "<group>";
		};
		E748F39F031ADC53AB758D20 /* Fonts */ = {
			isa = PBXGroup;
			children = (
				8A458BECA368C047D6A41882 /* Alegreya */,
			);
			path = Fonts;
			sourceTree = "<group>";
		};
		E9C8CBD29DA1EF3A70DC7523 /* Welcome */ = {
			isa = PBXGroup;
			children = (
				C214DE9EC3501B315AB0B979 /* WelcomeView.swift */,
			);
			path = Welcome;
			sourceTree = "<group>";
		};
		F64865BE5BB3130C38DDD7F1 /* Responses */ = {
			isa = PBXGroup;
			children = (
				C48849F1F1C818B0FCBDFA79 /* Feelings.swift */,
				FC132CF3D3D1F6DC4F1B8A40 /* Quotes.swift */,
				CE3472E6AF2A7936D665F96A /* ReceivedUserData.swift */,
			);
			path = Responses;
			sourceTree = "<group>";
		};
		F944EFCE5ACFE947F5ABC20D /* Model */ = {
			isa = PBXGroup;
			children = (
				342455C3059FE738C7C29FDC /* ImageDescription.swift */,
			);
			path = Model;
			sourceTree = "<group>";
		};
/* End PBXGroup section */

/* Begin PBXNativeTarget section */
		B4E90C2030071A1411137A75 /* Meditation */ = {
			isa = PBXNativeTarget;
			buildConfigurationList = A8CD9B85AE446DF62FD3E678 /* Build configuration list for PBXNativeTarget "Meditation" */;
			buildPhases = (
				C2C7B2D1CA98EB80CBA72394 /* R.swift */,
				D451B1BCE73799668C99B58E /* Sources */,
				DD146B83EC961AD3069DE62C /* Resources */,
				06A51635F10D5868D9CA1EEE /* Frameworks */,
				A47A808CDF5DB5CE049C05AD /* SwiftLint */,
				0F2D98F6B0289C7B43AF42D1 /* Highlight TODOs and FIXMEs */,
			);
			buildRules = (
			);
			dependencies = (
			);
			name = Meditation;
			packageProductDependencies = (
				54D51572518CA9E7BFD64F16 /* Alamofire */,
				C7683A56411B66B79CDFEBEF /* Kingfisher */,
				C3D2F846298DD027F7DEDDBE /* RealmSwift */,
				950587A009A3D480FFD3EA44 /* SwiftyBeaver */,
				CCD438FD0CA068F7842B70C2 /* KeychainAccess */,
			);
			productName = Meditation;
			productReference = 555D1079D661F7F5F1F4C39E /* Meditation.app */;
			productType = "com.apple.product-type.application";
		};
/* End PBXNativeTarget section */

/* Begin PBXProject section */
		B744587B051B5A9DE3A2F6F2 /* Project object */ = {
			isa = PBXProject;
			attributes = {
				LastUpgradeCheck = 1200;
				TargetAttributes = {
					B4E90C2030071A1411137A75 = {
						ProvisioningStyle = Manual;
					};
				};
			};
			buildConfigurationList = 12DA3C76D0855B7A4E62672F /* Build configuration list for PBXProject "Meditation" */;
			compatibilityVersion = "Xcode 10.0";
			developmentRegion = en;
			hasScannedForEncodings = 0;
			knownRegions = (
				Base,
				en,
			);
			mainGroup = 4EE12E190EBB6E5BDE39CC1E;
			packageReferences = (
				2DA3D0AC8CB1A9AAA732CE5D /* XCRemoteSwiftPackageReference "Alamofire" */,
				EB3B43CADE4CB4DE379D9019 /* XCRemoteSwiftPackageReference "KeychainAccess" */,
				5DB5FB566B25C64B23DB9735 /* XCRemoteSwiftPackageReference "Kingfisher" */,
				86D23F30776E940078387B21 /* XCRemoteSwiftPackageReference "realm-swift" */,
				8633D5F06F76978B5D688E69 /* XCRemoteSwiftPackageReference "SwiftyBeaver" */,
			);
			projectDirPath = "";
			projectRoot = "";
			targets = (
				B4E90C2030071A1411137A75 /* Meditation */,
			);
		};
/* End PBXProject section */

/* Begin PBXResourcesBuildPhase section */
		DD146B83EC961AD3069DE62C /* Resources */ = {
			isa = PBXResourcesBuildPhase;
			buildActionMask = 2147483647;
			files = (
				BDF5AB68FD659D721F50F003 /* Alegreya-Black.ttf in Resources */,
				7D32808406A92B77F1B7DB12 /* Alegreya-BlackItalic.ttf in Resources */,
				0A2DC666BB2F69051B6D3CCD /* Alegreya-Bold.ttf in Resources */,
				9836CBAB36C3EE6CB4D40D39 /* Alegreya-BoldItalic.ttf in Resources */,
				2160363328A1579C6F2D158D /* Alegreya-ExtraBold.ttf in Resources */,
				E15DC1514341FB5322938AC6 /* Alegreya-ExtraBoldItalic.ttf in Resources */,
				EFFD2C4E3A538908FB909E30 /* Alegreya-Italic.ttf in Resources */,
				BECF291E6F7006609F39DE27 /* Alegreya-Medium.ttf in Resources */,
				506F2FAF4362127D18380F74 /* Alegreya-MediumItalic.ttf in Resources */,
				323BB6D35621CE9B1DB3444F /* Alegreya-Regular.ttf in Resources */,
				35E0742B99DA3849BD0F72BF /* Assets.xcassets in Resources */,
				CFFA417CFFA18F1C765D8EE5 /* CommonErrors.strings in Resources */,
				2E47700563F3EA225110810A /* LaunchScreen.storyboard in Resources */,
				A097D3EDB84AAF19B351986B /* NetworkErrors.strings in Resources */,
				121FBA6C55F45884FF45DD51 /* Preview Assets.xcassets in Resources */,
				2C8F1A2770E5E1F99E09A05F /* StorageErrors.strings in Resources */,
			);
			runOnlyForDeploymentPostprocessing = 0;
		};
/* End PBXResourcesBuildPhase section */

/* Begin PBXShellScriptBuildPhase section */
		0F2D98F6B0289C7B43AF42D1 /* Highlight TODOs and FIXMEs */ = {
			isa = PBXShellScriptBuildPhase;
			buildActionMask = 2147483647;
			files = (
			);
			inputFileListPaths = (
			);
			inputPaths = (
			);
			name = "Highlight TODOs and FIXMEs";
			outputFileListPaths = (
			);
			outputPaths = (
			);
			runOnlyForDeploymentPostprocessing = 0;
			shellPath = /bin/sh;
			shellScript = "TAGS=\"TODO:|FIXME:\"\necho \"searching ${SRCROOT} for ${TAGS}\"\nfind \"${SRCROOT}\" \\( -name \"*.swift\" \\) \\( -not -path \"*/Pods/*\" \\) -print0 | xargs -0 egrep --with-filename --line-number --only-matching \"($TAGS).*\\$\" | perl -p -e \"s/($TAGS)/ warning: \\$1/\"\n";
		};
		A47A808CDF5DB5CE049C05AD /* SwiftLint */ = {
			isa = PBXShellScriptBuildPhase;
			buildActionMask = 2147483647;
			files = (
			);
			inputFileListPaths = (
			);
			inputPaths = (
			);
			name = SwiftLint;
			outputFileListPaths = (
			);
			outputPaths = (
			);
			runOnlyForDeploymentPostprocessing = 0;
			shellPath = /bin/sh;
			shellScript = "if test -d \"/opt/homebrew/bin/\"; then\nPATH=\"/opt/homebrew/bin/:/Users/danielkrivelev/.rvm/gems/ruby-3.0.0/bin:/Users/danielkrivelev/.rvm/gems/ruby-3.0.0@global/bin:/Users/danielkrivelev/.rvm/rubies/ruby-3.0.0/bin:/opt/homebrew/bin:/opt/homebrew/sbin:/usr/local/bin:/usr/bin:/bin:/usr/sbin:/sbin:/Library/Apple/usr/bin:/Users/danielkrivelev/.rvm/bin\"\nfi\n\nexport PATH\n\nif which swiftlint >/dev/null; then\n  swiftlint\nelse\n  echo \"warning: SwiftLint not installed, download from https://github.com/realm/SwiftLint\"\nfi\n";
		};
		C2C7B2D1CA98EB80CBA72394 /* R.swift */ = {
			isa = PBXShellScriptBuildPhase;
			buildActionMask = 2147483647;
			files = (
			);
			inputFileListPaths = (
			);
			inputPaths = (
				"$TEMP_DIR/rswift-lastrun",
			);
			name = R.swift;
			outputFileListPaths = (
			);
			outputPaths = (
				$SRCROOT/Resources/R.generated.swift,
			);
			runOnlyForDeploymentPostprocessing = 0;
			shellPath = /bin/sh;
			shellScript = "if test -d \"/opt/homebrew/bin/\"; then\nPATH=\"/opt/homebrew/bin/:/Users/danielkrivelev/.rvm/gems/ruby-3.0.0/bin:/Users/danielkrivelev/.rvm/gems/ruby-3.0.0@global/bin:/Users/danielkrivelev/.rvm/rubies/ruby-3.0.0/bin:/opt/homebrew/bin:/opt/homebrew/sbin:/usr/local/bin:/usr/bin:/bin:/usr/sbin:/sbin:/Library/Apple/usr/bin:/Users/danielkrivelev/.rvm/bin\"\nfi\n\nexport PATH\n\nif which rswift >/dev/null; then\n  rswift generate \"$SRCROOT/$TARGET_NAME/Resources/R.generated.swift\"\nelse\n  echo \"error: R.swift not installed; run 'mint bootstrap' to install\"\n  return -1\nfi\n";
		};
/* End PBXShellScriptBuildPhase section */

/* Begin PBXSourcesBuildPhase section */
		D451B1BCE73799668C99B58E /* Sources */ = {
			isa = PBXSourcesBuildPhase;
			buildActionMask = 2147483647;
			files = (
				9EB9DB551A6F9C8D9BC00BD8 /* Alamofire+Response.swift in Sources */,
				51CD5A4C2D02BA98E6116D93 /* AppDependencies.swift in Sources */,
				2DB06EFB21649ECFC3062241 /* AppImageResource.swift in Sources */,
				12F4D28EFDD8ECB2FB180BD8 /* CardCellView.swift in Sources */,
				24ABD4FB05413A62A66B9EDF /* ChoiceCellView.swift in Sources */,
				473790D1C5C02472137EBC3D /* Color+AppColors.swift in Sources */,
				84CD5038280373B68636B190 /* Constants.swift in Sources */,
				126D51E93A6D7C20A304D926 /* ContentImageView.swift in Sources */,
				5A73505FF6F2C69F2C5FB5A9 /* ContentView.swift in Sources */,
				F1D72380539FFBA51D56E9EE /* CustomButton.swift in Sources */,
				397EC0ED52479F29A2A58852 /* DateFormatter+Format.swift in Sources */,
				AABA5ECB23FA17287DE5320B /* Feelings.swift in Sources */,
				0AE43803F718EFAD3F1C8257 /* Font+AppFonts.swift in Sources */,
				2276027CD42563F12EBE3568 /* Image+CustomInit.swift in Sources */,
				0E822C25A98FA925E2DD2A74 /* ImageCellAddView.swift in Sources */,
				7BBE39BCF53972FBA890CEDB /* ImageCellView.swift in Sources */,
				CA2A27E632D1D2E700F33488 /* ImageDescription.swift in Sources */,
				3C7F7C70059EA40C06EE9DD2 /* ImagePicker.swift in Sources */,
				3F7338A2AC99C0B9B5E5C879 /* ImageWithOptionalURL.swift in Sources */,
				25047C5A996E5B9C55E9E847 /* Logger.swift in Sources */,
				D28AB8BA8A9C7482AA96E695 /* LoginView.swift in Sources */,
				06BAC8818C8EC4BB0BB39059 /* MainView.swift in Sources */,
				A71107DD0364A40AE1DD79A0 /* MeditationApp.swift in Sources */,
				9D39D0882EBCDF7D371F6E66 /* NetworkErrorService.swift in Sources */,
				11C95818026408E3588F9A85 /* NetworkService+Auth.swift in Sources */,
				1CAB2A3C6E28D6191DDC3405 /* NetworkService+Feelings.swift in Sources */,
				DE756A1BE632E57B5F94850E /* NetworkService+Quotes.swift in Sources */,
				F087CEF9E4ED82DEA2F2A36D /* NetworkService.swift in Sources */,
				AB51D903A9CE8D20D6822083 /* NetworkServiceError.swift in Sources */,
				C09D06A90AA4DC5D4D284F71 /* NetworkServiceProtocols.swift in Sources */,
				E0BFEEF2ECD0C14160A8A1A4 /* Placeholder.swift in Sources */,
				3AFC769976FEF917A77DF681 /* ProfileView.swift in Sources */,
				3F7DB54E1DE60154F35217C8 /* Quotes.swift in Sources */,
				913CC1025BFE54B3A7F0CCFC /* R.generated.swift in Sources */,
				176EE65225117B1CFA0351E4 /* RealmServiceProviding.swift in Sources */,
				5EB05446FF1BDD974DFDA4DC /* RealmStorage.swift in Sources */,
				604BD9AAD23F558899D8A3E0 /* ReceivedUserData.swift in Sources */,
				03C5FE52F79527644EF4EAEA /* RegisterView.swift in Sources */,
				917B046C13B32D8747EB8E3C /* RequestLogger.swift in Sources */,
				D42DBE8CB79B0162877D8EF1 /* Storage.swift in Sources */,
				19F74E209F1513C4628EE704 /* StorageError.swift in Sources */,
				F645FE1B9B27D523026BBD1D /* StorageService+Images.swift in Sources */,
				C81319D52DB9F57B3BC76109 /* StorageService.swift in Sources */,
				8E59279B2F1B25CD96AC1AB1 /* StorageServiceProtocols.swift in Sources */,
				CB6642FF199084CCDF6F4A21 /* StorePropertyWrappers.swift in Sources */,
				56AA9AE834D7BEF6ACBA86B8 /* String+Unlocalized.swift in Sources */,
				5896436A4104E67F69061F87 /* TabbarView.swift in Sources */,
				8AB0F579B2F59CC090D08597 /* URLFactory.swift in Sources */,
				E3F3F64F87BC8B40379CB511 /* URLProvider.swift in Sources */,
				70442751E414A8EBD422305E /* UserDataStorage.swift in Sources */,
				050540E9052273AFADF18B9D /* UserDataStoring.swift in Sources */,
				4BBECFEE17761781D7F92D1C /* UserDataToSend.swift in Sources */,
				DF84EABB3DC3E5224FE44208 /* WelcomeView.swift in Sources */,
			);
			runOnlyForDeploymentPostprocessing = 0;
		};
/* End PBXSourcesBuildPhase section */

/* Begin XCBuildConfiguration section */
		362D4D168DFCF18B8DAFEDF9 /* Debug */ = {
			isa = XCBuildConfiguration;
			buildSettings = {
				ALWAYS_SEARCH_USER_PATHS = NO;
				CLANG_ANALYZER_NONNULL = YES;
				CLANG_ANALYZER_NUMBER_OBJECT_CONVERSION = YES_AGGRESSIVE;
				CLANG_CXX_LANGUAGE_STANDARD = "gnu++14";
				CLANG_CXX_LIBRARY = "libc++";
				CLANG_ENABLE_MODULES = YES;
				CLANG_ENABLE_OBJC_ARC = YES;
				CLANG_ENABLE_OBJC_WEAK = YES;
				CLANG_WARN_BLOCK_CAPTURE_AUTORELEASING = YES;
				CLANG_WARN_BOOL_CONVERSION = YES;
				CLANG_WARN_COMMA = YES;
				CLANG_WARN_CONSTANT_CONVERSION = YES;
				CLANG_WARN_DEPRECATED_OBJC_IMPLEMENTATIONS = YES;
				CLANG_WARN_DIRECT_OBJC_ISA_USAGE = YES_ERROR;
				CLANG_WARN_DOCUMENTATION_COMMENTS = YES;
				CLANG_WARN_EMPTY_BODY = YES;
				CLANG_WARN_ENUM_CONVERSION = YES;
				CLANG_WARN_INFINITE_RECURSION = YES;
				CLANG_WARN_INT_CONVERSION = YES;
				CLANG_WARN_NON_LITERAL_NULL_CONVERSION = YES;
				CLANG_WARN_OBJC_IMPLICIT_RETAIN_SELF = YES;
				CLANG_WARN_OBJC_LITERAL_CONVERSION = YES;
				CLANG_WARN_OBJC_ROOT_CLASS = YES_ERROR;
				CLANG_WARN_QUOTED_INCLUDE_IN_FRAMEWORK_HEADER = YES;
				CLANG_WARN_RANGE_LOOP_ANALYSIS = YES;
				CLANG_WARN_STRICT_PROTOTYPES = YES;
				CLANG_WARN_SUSPICIOUS_MOVE = YES;
				CLANG_WARN_UNGUARDED_AVAILABILITY = YES_AGGRESSIVE;
				CLANG_WARN_UNREACHABLE_CODE = YES;
				CLANG_WARN__DUPLICATE_METHOD_MATCH = YES;
				COPY_PHASE_STRIP = NO;
				DEBUG_INFORMATION_FORMAT = "dwarf-with-dsym";
				ENABLE_BITCODE = NO;
				ENABLE_STRICT_OBJC_MSGSEND = YES;
				ENABLE_TESTABILITY = YES;
				GCC_C_LANGUAGE_STANDARD = gnu11;
				GCC_DYNAMIC_NO_PIC = NO;
				GCC_NO_COMMON_BLOCKS = YES;
				GCC_OPTIMIZATION_LEVEL = 0;
				GCC_PREPROCESSOR_DEFINITIONS = (
					"$(inherited)",
					"DEBUG=1",
				);
				GCC_WARN_64_TO_32_BIT_CONVERSION = YES;
				GCC_WARN_ABOUT_RETURN_TYPE = YES_ERROR;
				GCC_WARN_UNDECLARED_SELECTOR = YES;
				GCC_WARN_UNINITIALIZED_AUTOS = YES_AGGRESSIVE;
				GCC_WARN_UNUSED_FUNCTION = YES;
				GCC_WARN_UNUSED_VARIABLE = YES;
				IPHONEOS_DEPLOYMENT_TARGET = 15.0;
				MTL_ENABLE_DEBUG_INFO = YES;
				MTL_FAST_MATH = YES;
				ONLY_ACTIVE_ARCH = YES;
				PRODUCT_NAME = "$(TARGET_NAME)";
				SDKROOT = iphoneos;
				SUPPORTS_MACCATALYST = NO;
				SWIFT_ACTIVE_COMPILATION_CONDITIONS = DEBUG;
				SWIFT_COMPILATION_MODE = incremental;
				SWIFT_OPTIMIZATION_LEVEL = "-Onone";
				SWIFT_VERSION = 5.5;
			};
			name = Debug;
		};
		437759D2CBB701CD7E1E6CA4 /* Release */ = {
			isa = XCBuildConfiguration;
			buildSettings = {
				ALWAYS_SEARCH_USER_PATHS = NO;
				CLANG_ANALYZER_NONNULL = YES;
				CLANG_ANALYZER_NUMBER_OBJECT_CONVERSION = YES_AGGRESSIVE;
				CLANG_CXX_LANGUAGE_STANDARD = "gnu++14";
				CLANG_CXX_LIBRARY = "libc++";
				CLANG_ENABLE_MODULES = YES;
				CLANG_ENABLE_OBJC_ARC = YES;
				CLANG_ENABLE_OBJC_WEAK = YES;
				CLANG_WARN_BLOCK_CAPTURE_AUTORELEASING = YES;
				CLANG_WARN_BOOL_CONVERSION = YES;
				CLANG_WARN_COMMA = YES;
				CLANG_WARN_CONSTANT_CONVERSION = YES;
				CLANG_WARN_DEPRECATED_OBJC_IMPLEMENTATIONS = YES;
				CLANG_WARN_DIRECT_OBJC_ISA_USAGE = YES_ERROR;
				CLANG_WARN_DOCUMENTATION_COMMENTS = YES;
				CLANG_WARN_EMPTY_BODY = YES;
				CLANG_WARN_ENUM_CONVERSION = YES;
				CLANG_WARN_INFINITE_RECURSION = YES;
				CLANG_WARN_INT_CONVERSION = YES;
				CLANG_WARN_NON_LITERAL_NULL_CONVERSION = YES;
				CLANG_WARN_OBJC_IMPLICIT_RETAIN_SELF = YES;
				CLANG_WARN_OBJC_LITERAL_CONVERSION = YES;
				CLANG_WARN_OBJC_ROOT_CLASS = YES_ERROR;
				CLANG_WARN_QUOTED_INCLUDE_IN_FRAMEWORK_HEADER = YES;
				CLANG_WARN_RANGE_LOOP_ANALYSIS = YES;
				CLANG_WARN_STRICT_PROTOTYPES = YES;
				CLANG_WARN_SUSPICIOUS_MOVE = YES;
				CLANG_WARN_UNGUARDED_AVAILABILITY = YES_AGGRESSIVE;
				CLANG_WARN_UNREACHABLE_CODE = YES;
				CLANG_WARN__DUPLICATE_METHOD_MATCH = YES;
				COPY_PHASE_STRIP = NO;
				DEBUG_INFORMATION_FORMAT = "dwarf-with-dsym";
				ENABLE_BITCODE = NO;
				ENABLE_NS_ASSERTIONS = NO;
				ENABLE_STRICT_OBJC_MSGSEND = YES;
				GCC_C_LANGUAGE_STANDARD = gnu11;
				GCC_NO_COMMON_BLOCKS = YES;
				GCC_WARN_64_TO_32_BIT_CONVERSION = YES;
				GCC_WARN_ABOUT_RETURN_TYPE = YES_ERROR;
				GCC_WARN_UNDECLARED_SELECTOR = YES;
				GCC_WARN_UNINITIALIZED_AUTOS = YES_AGGRESSIVE;
				GCC_WARN_UNUSED_FUNCTION = YES;
				GCC_WARN_UNUSED_VARIABLE = YES;
				IPHONEOS_DEPLOYMENT_TARGET = 15.0;
				MTL_ENABLE_DEBUG_INFO = YES;
				MTL_FAST_MATH = YES;
				PRODUCT_NAME = "$(TARGET_NAME)";
				SDKROOT = iphoneos;
				SUPPORTS_MACCATALYST = NO;
				SWIFT_COMPILATION_MODE = wholemodule;
				SWIFT_OPTIMIZATION_LEVEL = "-O";
				SWIFT_VERSION = 5.5;
			};
			name = Release;
		};
		74E6921AB00D3EA2B2211BAF /* Debug */ = {
			isa = XCBuildConfiguration;
			buildSettings = {
				ASSETCATALOG_COMPILER_APPICON_NAME = AppIcon;
				CODE_SIGN_IDENTITY = "iPhone Developer";
				CODE_SIGN_STYLE = Manual;
				CURRENT_PROJECT_VERSION = 1;
				INFOPLIST_FILE = "Supporting Files/Info.plist";
				LD_RUNPATH_SEARCH_PATHS = (
					"$(inherited)",
					"@executable_path/Frameworks",
				);
				MARKETING_VERSION = 0.0.1;
				PRODUCT_BUNDLE_IDENTIFIER = meditation;
				PROVISIONING_PROFILE_SPECIFIER = "meditation-dev";
				SDKROOT = iphoneos;
				SWIFT_COMPILATION_MODE = singlefile;
				SWIFT_OPTIMIZATION_LEVEL = "-Onone";
				TARGETED_DEVICE_FAMILY = 1;
				VERSIONING_SYSTEM = "apple-generic";
			};
			name = Debug;
		};
		A4486B4CB12D8A305B08D20E /* Release */ = {
			isa = XCBuildConfiguration;
			buildSettings = {
				ASSETCATALOG_COMPILER_APPICON_NAME = AppIcon;
				CODE_SIGN_IDENTITY = "iPhone Distribution";
				CODE_SIGN_STYLE = Manual;
				CURRENT_PROJECT_VERSION = 1;
				ENABLE_BITCODE = YES;
				INFOPLIST_FILE = "Supporting Files/Info.plist";
				LD_RUNPATH_SEARCH_PATHS = (
					"$(inherited)",
					"@executable_path/Frameworks",
				);
				MARKETING_VERSION = 0.0.1;
				MTL_ENABLE_DEBUG_INFO = NO;
				PRODUCT_BUNDLE_IDENTIFIER = meditation;
				PROVISIONING_PROFILE_SPECIFIER = "meditation-appstore";
				SDKROOT = iphoneos;
				SWIFT_OPTIMIZATION_LEVEL = "-O";
				TARGETED_DEVICE_FAMILY = 1;
				VERSIONING_SYSTEM = "apple-generic";
			};
			name = Release;
		};
/* End XCBuildConfiguration section */

/* Begin XCConfigurationList section */
		12DA3C76D0855B7A4E62672F /* Build configuration list for PBXProject "Meditation" */ = {
			isa = XCConfigurationList;
			buildConfigurations = (
				362D4D168DFCF18B8DAFEDF9 /* Debug */,
				437759D2CBB701CD7E1E6CA4 /* Release */,
			);
			defaultConfigurationIsVisible = 0;
			defaultConfigurationName = Debug;
		};
		A8CD9B85AE446DF62FD3E678 /* Build configuration list for PBXNativeTarget "Meditation" */ = {
			isa = XCConfigurationList;
			buildConfigurations = (
				74E6921AB00D3EA2B2211BAF /* Debug */,
				A4486B4CB12D8A305B08D20E /* Release */,
			);
			defaultConfigurationIsVisible = 0;
			defaultConfigurationName = Debug;
		};
/* End XCConfigurationList section */

/* Begin XCRemoteSwiftPackageReference section */
		2DA3D0AC8CB1A9AAA732CE5D /* XCRemoteSwiftPackageReference "Alamofire" */ = {
			isa = XCRemoteSwiftPackageReference;
			repositoryURL = "https://github.com/Alamofire/Alamofire";
			requirement = {
				kind = exactVersion;
				version = 5.5.0;
			};
		};
		5DB5FB566B25C64B23DB9735 /* XCRemoteSwiftPackageReference "Kingfisher" */ = {
			isa = XCRemoteSwiftPackageReference;
			repositoryURL = "https://github.com/onevcat/Kingfisher";
			requirement = {
				kind = exactVersion;
				version = 7.1.2;
			};
		};
		8633D5F06F76978B5D688E69 /* XCRemoteSwiftPackageReference "SwiftyBeaver" */ = {
			isa = XCRemoteSwiftPackageReference;
			repositoryURL = "https://github.com/SwiftyBeaver/SwiftyBeaver";
			requirement = {
				kind = exactVersion;
				version = 1.9.5;
			};
		};
		86D23F30776E940078387B21 /* XCRemoteSwiftPackageReference "realm-swift" */ = {
			isa = XCRemoteSwiftPackageReference;
			repositoryURL = "https://github.com/realm/realm-swift";
			requirement = {
				kind = exactVersion;
				version = 10.22.0;
			};
		};
		EB3B43CADE4CB4DE379D9019 /* XCRemoteSwiftPackageReference "KeychainAccess" */ = {
			isa = XCRemoteSwiftPackageReference;
			repositoryURL = "https://github.com/kishikawakatsumi/KeychainAccess";
			requirement = {
				kind = exactVersion;
				version = 4.2.2;
			};
		};
/* End XCRemoteSwiftPackageReference section */

/* Begin XCSwiftPackageProductDependency section */
		54D51572518CA9E7BFD64F16 /* Alamofire */ = {
			isa = XCSwiftPackageProductDependency;
			package = 2DA3D0AC8CB1A9AAA732CE5D /* XCRemoteSwiftPackageReference "Alamofire" */;
			productName = Alamofire;
		};
		950587A009A3D480FFD3EA44 /* SwiftyBeaver */ = {
			isa = XCSwiftPackageProductDependency;
			package = 8633D5F06F76978B5D688E69 /* XCRemoteSwiftPackageReference "SwiftyBeaver" */;
			productName = SwiftyBeaver;
		};
		C3D2F846298DD027F7DEDDBE /* RealmSwift */ = {
			isa = XCSwiftPackageProductDependency;
			package = 86D23F30776E940078387B21 /* XCRemoteSwiftPackageReference "realm-swift" */;
			productName = RealmSwift;
		};
		C7683A56411B66B79CDFEBEF /* Kingfisher */ = {
			isa = XCSwiftPackageProductDependency;
			package = 5DB5FB566B25C64B23DB9735 /* XCRemoteSwiftPackageReference "Kingfisher" */;
			productName = Kingfisher;
		};
		CCD438FD0CA068F7842B70C2 /* KeychainAccess */ = {
			isa = XCSwiftPackageProductDependency;
			package = EB3B43CADE4CB4DE379D9019 /* XCRemoteSwiftPackageReference "KeychainAccess" */;
			productName = KeychainAccess;
		};
/* End XCSwiftPackageProductDependency section */
	};
	rootObject = B744587B051B5A9DE3A2F6F2 /* Project object */;
}
