// !$*UTF8*$!
{
	archiveVersion = 1;
	classes = {
	};
	objectVersion = 55;
	objects = {

/* Begin PBXBuildFile section */
		3A13C60027A3A0E00058E532 /* NetworkServiceError.swift in Sources */ = {isa = PBXBuildFile; fileRef = 3A13C5FF27A3A0E00058E532 /* NetworkServiceError.swift */; };
		3A1F6D6F27A77C8400DB84CC /* URLProvider.swift in Sources */ = {isa = PBXBuildFile; fileRef = 3A1F6D6E27A77C8400DB84CC /* URLProvider.swift */; };
		3A1F6D7127A77EBD00DB84CC /* URLFactory.swift in Sources */ = {isa = PBXBuildFile; fileRef = 3A1F6D7027A77EBD00DB84CC /* URLFactory.swift */; };
		3A1F6D7627A78BDF00DB84CC /* Quotes.swift in Sources */ = {isa = PBXBuildFile; fileRef = 3A1F6D7527A78BDF00DB84CC /* Quotes.swift */; };
		3A1F6D7827A78BF700DB84CC /* Feelings.swift in Sources */ = {isa = PBXBuildFile; fileRef = 3A1F6D7727A78BF700DB84CC /* Feelings.swift */; };
		3A1F6D7A27A78C1E00DB84CC /* ReceivedUserData.swift in Sources */ = {isa = PBXBuildFile; fileRef = 3A1F6D7927A78C1E00DB84CC /* ReceivedUserData.swift */; };
		3A1F6D7C27A78C3B00DB84CC /* UserDataToSend.swift in Sources */ = {isa = PBXBuildFile; fileRef = 3A1F6D7B27A78C3B00DB84CC /* UserDataToSend.swift */; };
		3A1F6D8427A7A37300DB84CC /* NetworkServiceProtocols.swift in Sources */ = {isa = PBXBuildFile; fileRef = 3A1F6D8327A7A37300DB84CC /* NetworkServiceProtocols.swift */; };
		3A6403F72797BD7000466FA4 /* ProfileView.swift in Sources */ = {isa = PBXBuildFile; fileRef = 3A6403F62797BD7000466FA4 /* ProfileView.swift */; };
		3A6403FB2797E80400466FA4 /* ImageView.swift in Sources */ = {isa = PBXBuildFile; fileRef = 3A6403FA2797E80400466FA4 /* ImageView.swift */; };
		3A6403FD2797EE4F00466FA4 /* ImageAddView.swift in Sources */ = {isa = PBXBuildFile; fileRef = 3A6403FC2797EE4F00466FA4 /* ImageAddView.swift */; };
		3A6403FF2797FB4700466FA4 /* ContentImageView.swift in Sources */ = {isa = PBXBuildFile; fileRef = 3A6403FE2797FB4700466FA4 /* ContentImageView.swift */; };
		3A64040127980C3600466FA4 /* ImagePicker.swift in Sources */ = {isa = PBXBuildFile; fileRef = 3A64040027980C3600466FA4 /* ImagePicker.swift */; };
		3A6878A2279403FD00069424 /* MainView.swift in Sources */ = {isa = PBXBuildFile; fileRef = 3A6878A1279403FD00069424 /* MainView.swift */; };
		3A8E9BD42794164700B791F3 /* ChoiceCellModel.swift in Sources */ = {isa = PBXBuildFile; fileRef = 3A8E9BD32794164700B791F3 /* ChoiceCellModel.swift */; };
		3A8E9BD6279417F800B791F3 /* ChoiceCellView.swift in Sources */ = {isa = PBXBuildFile; fileRef = 3A8E9BD5279417F800B791F3 /* ChoiceCellView.swift */; };
		3A8E9BDA2794585700B791F3 /* CardView.swift in Sources */ = {isa = PBXBuildFile; fileRef = 3A8E9BD92794585700B791F3 /* CardView.swift */; };
		3ABC93F227946F23006CA916 /* NetworkService.swift in Sources */ = {isa = PBXBuildFile; fileRef = 3ABC93F127946F23006CA916 /* NetworkService.swift */; };
		3AFA773427A696EB00FDC987 /* Logger.swift in Sources */ = {isa = PBXBuildFile; fileRef = 3AFA773327A696EB00FDC987 /* Logger.swift */; };
		3AFA773627A6972700FDC987 /* Constants.swift in Sources */ = {isa = PBXBuildFile; fileRef = 3AFA773527A6972700FDC987 /* Constants.swift */; };
		3AFA773827A69C5700FDC987 /* NetworkErrors.strings in Resources */ = {isa = PBXBuildFile; fileRef = 3AFA773727A69C5700FDC987 /* NetworkErrors.strings */; };
		3AFA773D27A6D30300FDC987 /* R.generated.swift in Sources */ = {isa = PBXBuildFile; fileRef = 3AFA773C27A6D30300FDC987 /* R.generated.swift */; };
		446B7F69278E94D0002B38DD /* MeditationApp.swift in Sources */ = {isa = PBXBuildFile; fileRef = 446B7F68278E94D0002B38DD /* MeditationApp.swift */; };
		446B7F6B278E94D0002B38DD /* ContentView.swift in Sources */ = {isa = PBXBuildFile; fileRef = 446B7F6A278E94D0002B38DD /* ContentView.swift */; };
		446B7F6D278E94D1002B38DD /* Assets.xcassets in Resources */ = {isa = PBXBuildFile; fileRef = 446B7F6C278E94D1002B38DD /* Assets.xcassets */; };
		446B7F70278E94D1002B38DD /* Preview Assets.xcassets in Resources */ = {isa = PBXBuildFile; fileRef = 446B7F6F278E94D1002B38DD /* Preview Assets.xcassets */; };
		446B7F83278EAE17002B38DD /* Alegreya-Italic.ttf in Resources */ = {isa = PBXBuildFile; fileRef = 446B7F78278EAE17002B38DD /* Alegreya-Italic.ttf */; };
		446B7F84278EAE17002B38DD /* Alegreya-ExtraBold.ttf in Resources */ = {isa = PBXBuildFile; fileRef = 446B7F79278EAE17002B38DD /* Alegreya-ExtraBold.ttf */; };
		446B7F85278EAE17002B38DD /* Alegreya-MediumItalic.ttf in Resources */ = {isa = PBXBuildFile; fileRef = 446B7F7A278EAE17002B38DD /* Alegreya-MediumItalic.ttf */; };
		446B7F86278EAE17002B38DD /* Alegreya-ExtraBoldItalic.ttf in Resources */ = {isa = PBXBuildFile; fileRef = 446B7F7B278EAE17002B38DD /* Alegreya-ExtraBoldItalic.ttf */; };
		446B7F87278EAE17002B38DD /* Alegreya-Bold.ttf in Resources */ = {isa = PBXBuildFile; fileRef = 446B7F7C278EAE17002B38DD /* Alegreya-Bold.ttf */; };
		446B7F88278EAE17002B38DD /* Alegreya-BlackItalic.ttf in Resources */ = {isa = PBXBuildFile; fileRef = 446B7F7D278EAE17002B38DD /* Alegreya-BlackItalic.ttf */; };
		446B7F89278EAE17002B38DD /* Alegreya-BoldItalic.ttf in Resources */ = {isa = PBXBuildFile; fileRef = 446B7F7E278EAE17002B38DD /* Alegreya-BoldItalic.ttf */; };
		446B7F8A278EAE17002B38DD /* Alegreya-Black.ttf in Resources */ = {isa = PBXBuildFile; fileRef = 446B7F7F278EAE17002B38DD /* Alegreya-Black.ttf */; };
		446B7F8C278EAE17002B38DD /* Alegreya-Regular.ttf in Resources */ = {isa = PBXBuildFile; fileRef = 446B7F81278EAE17002B38DD /* Alegreya-Regular.ttf */; };
		446B7F8D278EAE17002B38DD /* Alegreya-Medium.ttf in Resources */ = {isa = PBXBuildFile; fileRef = 446B7F82278EAE17002B38DD /* Alegreya-Medium.ttf */; };
		449E21EB278FFCD300464D7E /* Placeholder.swift in Sources */ = {isa = PBXBuildFile; fileRef = 449E21EA278FFCD300464D7E /* Placeholder.swift */; };
		44BAE2F8278EBFD0002FFFCE /* LaunchScreen.storyboard in Resources */ = {isa = PBXBuildFile; fileRef = 44BAE2F7278EBFD0002FFFCE /* LaunchScreen.storyboard */; };
		44BAE2FA278EC2DD002FFFCE /* WelcomeView.swift in Sources */ = {isa = PBXBuildFile; fileRef = 44BAE2F9278EC2DC002FFFCE /* WelcomeView.swift */; };
		44BAE304278EDFC4002FFFCE /* RegisterView.swift in Sources */ = {isa = PBXBuildFile; fileRef = 44BAE303278EDFC4002FFFCE /* RegisterView.swift */; };
		44BAE306278EE41E002FFFCE /* LoginView.swift in Sources */ = {isa = PBXBuildFile; fileRef = 44BAE305278EE41D002FFFCE /* LoginView.swift */; };
		44BAE30B278EE4F9002FFFCE /* CustomButton.swift in Sources */ = {isa = PBXBuildFile; fileRef = 44BAE30A278EE4F9002FFFCE /* CustomButton.swift */; };
		6AA6ECC53F0F3AEA0FE1B306 /* Pods_Meditation.framework in Frameworks */ = {isa = PBXBuildFile; fileRef = 875CD4D6F9C830D9BAB95941 /* Pods_Meditation.framework */; };
/* End PBXBuildFile section */

/* Begin PBXFileReference section */
		3A13C5FF27A3A0E00058E532 /* NetworkServiceError.swift */ = {isa = PBXFileReference; lastKnownFileType = sourcecode.swift; path = NetworkServiceError.swift; sourceTree = "<group>"; };
		3A1F6D6E27A77C8400DB84CC /* URLProvider.swift */ = {isa = PBXFileReference; lastKnownFileType = sourcecode.swift; path = URLProvider.swift; sourceTree = "<group>"; };
		3A1F6D7027A77EBD00DB84CC /* URLFactory.swift */ = {isa = PBXFileReference; lastKnownFileType = sourcecode.swift; path = URLFactory.swift; sourceTree = "<group>"; };
		3A1F6D7527A78BDF00DB84CC /* Quotes.swift */ = {isa = PBXFileReference; lastKnownFileType = sourcecode.swift; path = Quotes.swift; sourceTree = "<group>"; };
		3A1F6D7727A78BF700DB84CC /* Feelings.swift */ = {isa = PBXFileReference; lastKnownFileType = sourcecode.swift; path = Feelings.swift; sourceTree = "<group>"; };
		3A1F6D7927A78C1E00DB84CC /* ReceivedUserData.swift */ = {isa = PBXFileReference; lastKnownFileType = sourcecode.swift; path = ReceivedUserData.swift; sourceTree = "<group>"; };
		3A1F6D7B27A78C3B00DB84CC /* UserDataToSend.swift */ = {isa = PBXFileReference; lastKnownFileType = sourcecode.swift; path = UserDataToSend.swift; sourceTree = "<group>"; };
		3A1F6D8327A7A37300DB84CC /* NetworkServiceProtocols.swift */ = {isa = PBXFileReference; lastKnownFileType = sourcecode.swift; path = NetworkServiceProtocols.swift; sourceTree = "<group>"; };
		3A6403F62797BD7000466FA4 /* ProfileView.swift */ = {isa = PBXFileReference; lastKnownFileType = sourcecode.swift; path = ProfileView.swift; sourceTree = "<group>"; };
		3A6403FA2797E80400466FA4 /* ImageView.swift */ = {isa = PBXFileReference; lastKnownFileType = sourcecode.swift; path = ImageView.swift; sourceTree = "<group>"; };
		3A6403FC2797EE4F00466FA4 /* ImageAddView.swift */ = {isa = PBXFileReference; lastKnownFileType = sourcecode.swift; path = ImageAddView.swift; sourceTree = "<group>"; };
		3A6403FE2797FB4700466FA4 /* ContentImageView.swift */ = {isa = PBXFileReference; lastKnownFileType = sourcecode.swift; path = ContentImageView.swift; sourceTree = "<group>"; };
		3A64040027980C3600466FA4 /* ImagePicker.swift */ = {isa = PBXFileReference; lastKnownFileType = sourcecode.swift; path = ImagePicker.swift; sourceTree = "<group>"; };
		3A6878A1279403FD00069424 /* MainView.swift */ = {isa = PBXFileReference; lastKnownFileType = sourcecode.swift; path = MainView.swift; sourceTree = "<group>"; };
		3A8E9BD32794164700B791F3 /* ChoiceCellModel.swift */ = {isa = PBXFileReference; lastKnownFileType = sourcecode.swift; path = ChoiceCellModel.swift; sourceTree = "<group>"; };
		3A8E9BD5279417F800B791F3 /* ChoiceCellView.swift */ = {isa = PBXFileReference; lastKnownFileType = sourcecode.swift; path = ChoiceCellView.swift; sourceTree = "<group>"; };
		3A8E9BD92794585700B791F3 /* CardView.swift */ = {isa = PBXFileReference; lastKnownFileType = sourcecode.swift; path = CardView.swift; sourceTree = "<group>"; };
		3ABC93F127946F23006CA916 /* NetworkService.swift */ = {isa = PBXFileReference; lastKnownFileType = sourcecode.swift; path = NetworkService.swift; sourceTree = "<group>"; };
		3AFA773327A696EB00FDC987 /* Logger.swift */ = {isa = PBXFileReference; lastKnownFileType = sourcecode.swift; path = Logger.swift; sourceTree = "<group>"; };
		3AFA773527A6972700FDC987 /* Constants.swift */ = {isa = PBXFileReference; lastKnownFileType = sourcecode.swift; path = Constants.swift; sourceTree = "<group>"; };
		3AFA773727A69C5700FDC987 /* NetworkErrors.strings */ = {isa = PBXFileReference; lastKnownFileType = text.plist.strings; path = NetworkErrors.strings; sourceTree = "<group>"; };
		3AFA773C27A6D30300FDC987 /* R.generated.swift */ = {isa = PBXFileReference; fileEncoding = 4; lastKnownFileType = sourcecode.swift; path = R.generated.swift; sourceTree = "<group>"; };
		446B7F65278E94D0002B38DD /* Meditation.app */ = {isa = PBXFileReference; explicitFileType = wrapper.application; includeInIndex = 0; path = Meditation.app; sourceTree = BUILT_PRODUCTS_DIR; };
		446B7F68278E94D0002B38DD /* MeditationApp.swift */ = {isa = PBXFileReference; lastKnownFileType = sourcecode.swift; path = MeditationApp.swift; sourceTree = "<group>"; };
		446B7F6A278E94D0002B38DD /* ContentView.swift */ = {isa = PBXFileReference; lastKnownFileType = sourcecode.swift; path = ContentView.swift; sourceTree = "<group>"; };
		446B7F6C278E94D1002B38DD /* Assets.xcassets */ = {isa = PBXFileReference; lastKnownFileType = folder.assetcatalog; path = Assets.xcassets; sourceTree = "<group>"; };
		446B7F6F278E94D1002B38DD /* Preview Assets.xcassets */ = {isa = PBXFileReference; lastKnownFileType = folder.assetcatalog; path = "Preview Assets.xcassets"; sourceTree = "<group>"; };
		446B7F78278EAE17002B38DD /* Alegreya-Italic.ttf */ = {isa = PBXFileReference; lastKnownFileType = file; path = "Alegreya-Italic.ttf"; sourceTree = "<group>"; };
		446B7F79278EAE17002B38DD /* Alegreya-ExtraBold.ttf */ = {isa = PBXFileReference; lastKnownFileType = file; path = "Alegreya-ExtraBold.ttf"; sourceTree = "<group>"; };
		446B7F7A278EAE17002B38DD /* Alegreya-MediumItalic.ttf */ = {isa = PBXFileReference; lastKnownFileType = file; path = "Alegreya-MediumItalic.ttf"; sourceTree = "<group>"; };
		446B7F7B278EAE17002B38DD /* Alegreya-ExtraBoldItalic.ttf */ = {isa = PBXFileReference; lastKnownFileType = file; path = "Alegreya-ExtraBoldItalic.ttf"; sourceTree = "<group>"; };
		446B7F7C278EAE17002B38DD /* Alegreya-Bold.ttf */ = {isa = PBXFileReference; lastKnownFileType = file; path = "Alegreya-Bold.ttf"; sourceTree = "<group>"; };
		446B7F7D278EAE17002B38DD /* Alegreya-BlackItalic.ttf */ = {isa = PBXFileReference; lastKnownFileType = file; path = "Alegreya-BlackItalic.ttf"; sourceTree = "<group>"; };
		446B7F7E278EAE17002B38DD /* Alegreya-BoldItalic.ttf */ = {isa = PBXFileReference; lastKnownFileType = file; path = "Alegreya-BoldItalic.ttf"; sourceTree = "<group>"; };
		446B7F7F278EAE17002B38DD /* Alegreya-Black.ttf */ = {isa = PBXFileReference; lastKnownFileType = file; path = "Alegreya-Black.ttf"; sourceTree = "<group>"; };
		446B7F81278EAE17002B38DD /* Alegreya-Regular.ttf */ = {isa = PBXFileReference; lastKnownFileType = file; path = "Alegreya-Regular.ttf"; sourceTree = "<group>"; };
		446B7F82278EAE17002B38DD /* Alegreya-Medium.ttf */ = {isa = PBXFileReference; lastKnownFileType = file; path = "Alegreya-Medium.ttf"; sourceTree = "<group>"; };
		446B7F8E278EAE8E002B38DD /* Info.plist */ = {isa = PBXFileReference; lastKnownFileType = text.plist.xml; path = Info.plist; sourceTree = "<group>"; };
		449E21EA278FFCD300464D7E /* Placeholder.swift */ = {isa = PBXFileReference; lastKnownFileType = sourcecode.swift; path = Placeholder.swift; sourceTree = "<group>"; };
		44BAE2F7278EBFD0002FFFCE /* LaunchScreen.storyboard */ = {isa = PBXFileReference; lastKnownFileType = file.storyboard; path = LaunchScreen.storyboard; sourceTree = "<group>"; };
		44BAE2F9278EC2DC002FFFCE /* WelcomeView.swift */ = {isa = PBXFileReference; lastKnownFileType = sourcecode.swift; path = WelcomeView.swift; sourceTree = "<group>"; };
		44BAE303278EDFC4002FFFCE /* RegisterView.swift */ = {isa = PBXFileReference; lastKnownFileType = sourcecode.swift; path = RegisterView.swift; sourceTree = "<group>"; };
		44BAE305278EE41D002FFFCE /* LoginView.swift */ = {isa = PBXFileReference; lastKnownFileType = sourcecode.swift; path = LoginView.swift; sourceTree = "<group>"; };
		44BAE30A278EE4F9002FFFCE /* CustomButton.swift */ = {isa = PBXFileReference; lastKnownFileType = sourcecode.swift; path = CustomButton.swift; sourceTree = "<group>"; };
		6C60FD9B50BD38526638F152 /* Pods-Meditation.release.xcconfig */ = {isa = PBXFileReference; includeInIndex = 1; lastKnownFileType = text.xcconfig; name = "Pods-Meditation.release.xcconfig"; path = "Target Support Files/Pods-Meditation/Pods-Meditation.release.xcconfig"; sourceTree = "<group>"; };
		875CD4D6F9C830D9BAB95941 /* Pods_Meditation.framework */ = {isa = PBXFileReference; explicitFileType = wrapper.framework; includeInIndex = 0; path = Pods_Meditation.framework; sourceTree = BUILT_PRODUCTS_DIR; };
		CE2DDFE0712916AFCC50B99C /* Pods-Meditation.debug.xcconfig */ = {isa = PBXFileReference; includeInIndex = 1; lastKnownFileType = text.xcconfig; name = "Pods-Meditation.debug.xcconfig"; path = "Target Support Files/Pods-Meditation/Pods-Meditation.debug.xcconfig"; sourceTree = "<group>"; };
/* End PBXFileReference section */

/* Begin PBXFrameworksBuildPhase section */
		446B7F62278E94D0002B38DD /* Frameworks */ = {
			isa = PBXFrameworksBuildPhase;
			buildActionMask = 2147483647;
			files = (
				6AA6ECC53F0F3AEA0FE1B306 /* Pods_Meditation.framework in Frameworks */,
			);
			runOnlyForDeploymentPostprocessing = 0;
		};
/* End PBXFrameworksBuildPhase section */

/* Begin PBXGroup section */
		2E1E4DA5B02E25A172B6B646 /* Pods */ = {
			isa = PBXGroup;
			children = (
				CE2DDFE0712916AFCC50B99C /* Pods-Meditation.debug.xcconfig */,
				6C60FD9B50BD38526638F152 /* Pods-Meditation.release.xcconfig */,
			);
			path = Pods;
			sourceTree = "<group>";
		};
		3A13C5F827A392510058E532 /* Resources */ = {
			isa = PBXGroup;
			children = (
				3AFA773C27A6D30300FDC987 /* R.generated.swift */,
				446B7F76278EADFD002B38DD /* Fonts */,
				3A13C60127A3C0CC0058E532 /* Strings */,
				446B7F6E278E94D1002B38DD /* Preview Content */,
				446B7F6C278E94D1002B38DD /* Assets.xcassets */,
			);
			path = Resources;
			sourceTree = "<group>";
		};
		3A13C5F927A392980058E532 /* Application */ = {
			isa = PBXGroup;
			children = (
				446B7F68278E94D0002B38DD /* MeditationApp.swift */,
				44BAE2F7278EBFD0002FFFCE /* LaunchScreen.storyboard */,
			);
			path = Application;
			sourceTree = "<group>";
		};
		3A13C5FA27A392A90058E532 /* Supporting Files */ = {
			isa = PBXGroup;
			children = (
				446B7F8E278EAE8E002B38DD /* Info.plist */,
			);
			path = "Supporting Files";
			sourceTree = "<group>";
		};
		3A13C5FB27A39D900058E532 /* Services */ = {
			isa = PBXGroup;
			children = (
				3A13C5FC27A39DBC0058E532 /* Network */,
			);
			path = Services;
			sourceTree = "<group>";
		};
		3A13C5FC27A39DBC0058E532 /* Network */ = {
			isa = PBXGroup;
			children = (
				3A1F6D8227A7A2C100DB84CC /* Concrete Requests */,
				3A1F6D7427A78BA600DB84CC /* Model */,
				3ABC93F127946F23006CA916 /* NetworkService.swift */,
				3A13C5FF27A3A0E00058E532 /* NetworkServiceError.swift */,
				3A1F6D6E27A77C8400DB84CC /* URLProvider.swift */,
				3A1F6D7027A77EBD00DB84CC /* URLFactory.swift */,
			);
			path = Network;
			sourceTree = "<group>";
		};
		3A13C60127A3C0CC0058E532 /* Strings */ = {
			isa = PBXGroup;
			children = (
				3AFA773727A69C5700FDC987 /* NetworkErrors.strings */,
			);
			path = Strings;
			sourceTree = "<group>";
		};
		3A1F6D7227A78ABD00DB84CC /* Responses */ = {
			isa = PBXGroup;
			children = (
				3A1F6D7527A78BDF00DB84CC /* Quotes.swift */,
				3A1F6D7727A78BF700DB84CC /* Feelings.swift */,
				3A1F6D7927A78C1E00DB84CC /* ReceivedUserData.swift */,
			);
			path = Responses;
			sourceTree = "<group>";
		};
		3A1F6D7327A78B9B00DB84CC /* Requests */ = {
			isa = PBXGroup;
			children = (
				3A1F6D7B27A78C3B00DB84CC /* UserDataToSend.swift */,
			);
			path = Requests;
			sourceTree = "<group>";
		};
		3A1F6D7427A78BA600DB84CC /* Model */ = {
			isa = PBXGroup;
			children = (
				3A1F6D7227A78ABD00DB84CC /* Responses */,
				3A1F6D7327A78B9B00DB84CC /* Requests */,
			);
			path = Model;
			sourceTree = "<group>";
		};
		3A1F6D8227A7A2C100DB84CC /* Concrete Requests */ = {
			isa = PBXGroup;
			children = (
				3A1F6D8327A7A37300DB84CC /* NetworkServiceProtocols.swift */,
			);
			path = "Concrete Requests";
			sourceTree = "<group>";
		};
		3A6403F42797BADB00466FA4 /* Profile */ = {
			isa = PBXGroup;
			children = (
				3A6403F62797BD7000466FA4 /* ProfileView.swift */,
				3A6403FA2797E80400466FA4 /* ImageView.swift */,
				3A6403FC2797EE4F00466FA4 /* ImageAddView.swift */,
				3A6403FE2797FB4700466FA4 /* ContentImageView.swift */,
				3A64040027980C3600466FA4 /* ImagePicker.swift */,
			);
			path = Profile;
			sourceTree = "<group>";
		};
		3A6403F52797BAE200466FA4 /* Modules */ = {
			isa = PBXGroup;
			children = (
				446B7F6A278E94D0002B38DD /* ContentView.swift */,
				44BAE2FB278EC67F002FFFCE /* Welcome */,
				44BAE301278EDFAA002FFFCE /* Register */,
				44BAE302278EDFB5002FFFCE /* Login */,
				3A9F80972793ED05004167DC /* Main */,
				3A6403F42797BADB00466FA4 /* Profile */,
			);
			path = Modules;
			sourceTree = "<group>";
		};
		3A9F80972793ED05004167DC /* Main */ = {
			isa = PBXGroup;
			children = (
				3A6878A1279403FD00069424 /* MainView.swift */,
				3A8E9BD32794164700B791F3 /* ChoiceCellModel.swift */,
				3A8E9BD5279417F800B791F3 /* ChoiceCellView.swift */,
				3A8E9BD92794585700B791F3 /* CardView.swift */,
			);
			path = Main;
			sourceTree = "<group>";
		};
		3AFA773127A68AA400FDC987 /* Sources */ = {
			isa = PBXGroup;
			children = (
				3AFA773227A696DA00FDC987 /* Common */,
				3A6403F52797BAE200466FA4 /* Modules */,
				44BAE309278EE4E9002FFFCE /* View Components */,
				3A13C5F927A392980058E532 /* Application */,
				3A13C5FB27A39D900058E532 /* Services */,
			);
			path = Sources;
			sourceTree = "<group>";
		};
		3AFA773227A696DA00FDC987 /* Common */ = {
			isa = PBXGroup;
			children = (
				3AFA773327A696EB00FDC987 /* Logger.swift */,
				3AFA773527A6972700FDC987 /* Constants.swift */,
			);
			path = Common;
			sourceTree = "<group>";
		};
		446B7F5C278E94D0002B38DD = {
			isa = PBXGroup;
			children = (
				3AFA773127A68AA400FDC987 /* Sources */,
				3A13C5F827A392510058E532 /* Resources */,
				3A13C5FA27A392A90058E532 /* Supporting Files */,
				446B7F66278E94D0002B38DD /* Products */,
				2E1E4DA5B02E25A172B6B646 /* Pods */,
				BA47FBFDB8B807CDC3845D30 /* Frameworks */,
			);
			sourceTree = "<group>";
		};
		446B7F66278E94D0002B38DD /* Products */ = {
			isa = PBXGroup;
			children = (
				446B7F65278E94D0002B38DD /* Meditation.app */,
			);
			name = Products;
			sourceTree = "<group>";
		};
		446B7F6E278E94D1002B38DD /* Preview Content */ = {
			isa = PBXGroup;
			children = (
				446B7F6F278E94D1002B38DD /* Preview Assets.xcassets */,
			);
			path = "Preview Content";
			sourceTree = "<group>";
		};
		446B7F76278EADFD002B38DD /* Fonts */ = {
			isa = PBXGroup;
			children = (
				446B7F77278EAE17002B38DD /* Alegreya */,
			);
			path = Fonts;
			sourceTree = "<group>";
		};
		446B7F77278EAE17002B38DD /* Alegreya */ = {
			isa = PBXGroup;
			children = (
				446B7F78278EAE17002B38DD /* Alegreya-Italic.ttf */,
				446B7F79278EAE17002B38DD /* Alegreya-ExtraBold.ttf */,
				446B7F7A278EAE17002B38DD /* Alegreya-MediumItalic.ttf */,
				446B7F7B278EAE17002B38DD /* Alegreya-ExtraBoldItalic.ttf */,
				446B7F7C278EAE17002B38DD /* Alegreya-Bold.ttf */,
				446B7F7D278EAE17002B38DD /* Alegreya-BlackItalic.ttf */,
				446B7F7E278EAE17002B38DD /* Alegreya-BoldItalic.ttf */,
				446B7F7F278EAE17002B38DD /* Alegreya-Black.ttf */,
				446B7F81278EAE17002B38DD /* Alegreya-Regular.ttf */,
				446B7F82278EAE17002B38DD /* Alegreya-Medium.ttf */,
			);
			path = Alegreya;
			sourceTree = "<group>";
		};
		44BAE2FB278EC67F002FFFCE /* Welcome */ = {
			isa = PBXGroup;
			children = (
				44BAE2F9278EC2DC002FFFCE /* WelcomeView.swift */,
			);
			path = Welcome;
			sourceTree = "<group>";
		};
		44BAE301278EDFAA002FFFCE /* Register */ = {
			isa = PBXGroup;
			children = (
				44BAE303278EDFC4002FFFCE /* RegisterView.swift */,
			);
			path = Register;
			sourceTree = "<group>";
		};
		44BAE302278EDFB5002FFFCE /* Login */ = {
			isa = PBXGroup;
			children = (
				44BAE305278EE41D002FFFCE /* LoginView.swift */,
			);
			path = Login;
			sourceTree = "<group>";
		};
		44BAE309278EE4E9002FFFCE /* View Components */ = {
			isa = PBXGroup;
			children = (
				44BAE30A278EE4F9002FFFCE /* CustomButton.swift */,
				449E21EA278FFCD300464D7E /* Placeholder.swift */,
			);
			path = "View Components";
			sourceTree = "<group>";
		};
		BA47FBFDB8B807CDC3845D30 /* Frameworks */ = {
			isa = PBXGroup;
			children = (
				875CD4D6F9C830D9BAB95941 /* Pods_Meditation.framework */,
			);
			name = Frameworks;
			sourceTree = "<group>";
		};
/* End PBXGroup section */

/* Begin PBXNativeTarget section */
		446B7F64278E94D0002B38DD /* Meditation */ = {
			isa = PBXNativeTarget;
			buildConfigurationList = 446B7F73278E94D1002B38DD /* Build configuration list for PBXNativeTarget "Meditation" */;
			buildPhases = (
				DD7EE75F838F8F3848D9CF69 /* [CP] Check Pods Manifest.lock */,
				3AFA773B27A6B66B00FDC987 /* R.Swift */,
				3AFA773A27A6B60B00FDC987 /* SwiftLint */,
				446B7F61278E94D0002B38DD /* Sources */,
				446B7F62278E94D0002B38DD /* Frameworks */,
				446B7F63278E94D0002B38DD /* Resources */,
				8770D66B04249AF252AA0F28 /* [CP] Embed Pods Frameworks */,
			);
			buildRules = (
			);
			dependencies = (
			);
			name = Meditation;
			productName = Meditation;
			productReference = 446B7F65278E94D0002B38DD /* Meditation.app */;
			productType = "com.apple.product-type.application";
		};
/* End PBXNativeTarget section */

/* Begin PBXProject section */
		446B7F5D278E94D0002B38DD /* Project object */ = {
			isa = PBXProject;
			attributes = {
				BuildIndependentTargetsInParallel = 1;
				LastSwiftUpdateCheck = 1310;
				LastUpgradeCheck = 1310;
				TargetAttributes = {
					446B7F64278E94D0002B38DD = {
						CreatedOnToolsVersion = 13.1;
					};
				};
			};
			buildConfigurationList = 446B7F60278E94D0002B38DD /* Build configuration list for PBXProject "Meditation" */;
			compatibilityVersion = "Xcode 13.0";
			developmentRegion = en;
			hasScannedForEncodings = 0;
			knownRegions = (
				en,
				Base,
			);
			mainGroup = 446B7F5C278E94D0002B38DD;
			productRefGroup = 446B7F66278E94D0002B38DD /* Products */;
			projectDirPath = "";
			projectRoot = "";
			targets = (
				446B7F64278E94D0002B38DD /* Meditation */,
			);
		};
/* End PBXProject section */

/* Begin PBXResourcesBuildPhase section */
		446B7F63278E94D0002B38DD /* Resources */ = {
			isa = PBXResourcesBuildPhase;
			buildActionMask = 2147483647;
			files = (
				446B7F83278EAE17002B38DD /* Alegreya-Italic.ttf in Resources */,
				446B7F8D278EAE17002B38DD /* Alegreya-Medium.ttf in Resources */,
				446B7F89278EAE17002B38DD /* Alegreya-BoldItalic.ttf in Resources */,
				446B7F8A278EAE17002B38DD /* Alegreya-Black.ttf in Resources */,
				446B7F85278EAE17002B38DD /* Alegreya-MediumItalic.ttf in Resources */,
				446B7F8C278EAE17002B38DD /* Alegreya-Regular.ttf in Resources */,
				3AFA773827A69C5700FDC987 /* NetworkErrors.strings in Resources */,
				446B7F70278E94D1002B38DD /* Preview Assets.xcassets in Resources */,
				44BAE2F8278EBFD0002FFFCE /* LaunchScreen.storyboard in Resources */,
				446B7F84278EAE17002B38DD /* Alegreya-ExtraBold.ttf in Resources */,
				446B7F86278EAE17002B38DD /* Alegreya-ExtraBoldItalic.ttf in Resources */,
				446B7F6D278E94D1002B38DD /* Assets.xcassets in Resources */,
				446B7F88278EAE17002B38DD /* Alegreya-BlackItalic.ttf in Resources */,
				446B7F87278EAE17002B38DD /* Alegreya-Bold.ttf in Resources */,
			);
			runOnlyForDeploymentPostprocessing = 0;
		};
/* End PBXResourcesBuildPhase section */

/* Begin PBXShellScriptBuildPhase section */
		3AFA773A27A6B60B00FDC987 /* SwiftLint */ = {
			isa = PBXShellScriptBuildPhase;
			buildActionMask = 2147483647;
			files = (
			);
			inputFileListPaths = (
			);
			inputPaths = (
			);
			name = SwiftLint;
			outputFileListPaths = (
			);
			outputPaths = (
			);
			runOnlyForDeploymentPostprocessing = 0;
			shellPath = /bin/sh;
			shellScript = "if test -d \"/opt/homebrew/bin/\"; then\n  PATH=\"/opt/homebrew/bin/:${PATH}\"\nfi\n\nexport PATH\n\nif which swiftlint >/dev/null; then\n  \"${PODS_ROOT}/SwiftLint/swiftlint\"\nelse\n  echo \"warning: SwiftLint not installed, download from https://github.com/realm/SwiftLint\"\nfi\n";
		};
		3AFA773B27A6B66B00FDC987 /* R.Swift */ = {
			isa = PBXShellScriptBuildPhase;
			alwaysOutOfDate = 1;
			buildActionMask = 2147483647;
			files = (
			);
			inputFileListPaths = (
			);
			inputPaths = (
				"$TEMP_DIR/rswift-lastrun",
			);
			name = R.Swift;
			outputFileListPaths = (
			);
			outputPaths = (
				$SRCROOT/Resources/R.generated.swift,
			);
			runOnlyForDeploymentPostprocessing = 0;
			shellPath = /bin/sh;
			shellScript = "\"$PODS_ROOT/R.swift/rswift\" generate \"$SRCROOT/Resources/R.generated.swift\"\n";
		};
		8770D66B04249AF252AA0F28 /* [CP] Embed Pods Frameworks */ = {
			isa = PBXShellScriptBuildPhase;
			buildActionMask = 2147483647;
			files = (
			);
			inputFileListPaths = (
				"${PODS_ROOT}/Target Support Files/Pods-Meditation/Pods-Meditation-frameworks-${CONFIGURATION}-input-files.xcfilelist",
			);
			name = "[CP] Embed Pods Frameworks";
			outputFileListPaths = (
				"${PODS_ROOT}/Target Support Files/Pods-Meditation/Pods-Meditation-frameworks-${CONFIGURATION}-output-files.xcfilelist",
			);
			runOnlyForDeploymentPostprocessing = 0;
			shellPath = /bin/sh;
			shellScript = "\"${PODS_ROOT}/Target Support Files/Pods-Meditation/Pods-Meditation-frameworks.sh\"\n";
			showEnvVarsInLog = 0;
		};
		DD7EE75F838F8F3848D9CF69 /* [CP] Check Pods Manifest.lock */ = {
			isa = PBXShellScriptBuildPhase;
			buildActionMask = 2147483647;
			files = (
			);
			inputFileListPaths = (
			);
			inputPaths = (
				"${PODS_PODFILE_DIR_PATH}/Podfile.lock",
				"${PODS_ROOT}/Manifest.lock",
			);
			name = "[CP] Check Pods Manifest.lock";
			outputFileListPaths = (
			);
			outputPaths = (
				"$(DERIVED_FILE_DIR)/Pods-Meditation-checkManifestLockResult.txt",
			);
			runOnlyForDeploymentPostprocessing = 0;
			shellPath = /bin/sh;
			shellScript = "diff \"${PODS_PODFILE_DIR_PATH}/Podfile.lock\" \"${PODS_ROOT}/Manifest.lock\" > /dev/null\nif [ $? != 0 ] ; then\n    # print error to STDERR\n    echo \"error: The sandbox is not in sync with the Podfile.lock. Run 'pod install' or update your CocoaPods installation.\" >&2\n    exit 1\nfi\n# This output is used by Xcode 'outputs' to avoid re-running this script phase.\necho \"SUCCESS\" > \"${SCRIPT_OUTPUT_FILE_0}\"\n";
			showEnvVarsInLog = 0;
		};
/* End PBXShellScriptBuildPhase section */

/* Begin PBXSourcesBuildPhase section */
		446B7F61278E94D0002B38DD /* Sources */ = {
			isa = PBXSourcesBuildPhase;
			buildActionMask = 2147483647;
			files = (
				3A1F6D7A27A78C1E00DB84CC /* ReceivedUserData.swift in Sources */,
				3AFA773427A696EB00FDC987 /* Logger.swift in Sources */,
				44BAE304278EDFC4002FFFCE /* RegisterView.swift in Sources */,
				3A6403F72797BD7000466FA4 /* ProfileView.swift in Sources */,
				3A6403FD2797EE4F00466FA4 /* ImageAddView.swift in Sources */,
				3A1F6D7C27A78C3B00DB84CC /* UserDataToSend.swift in Sources */,
				3A64040127980C3600466FA4 /* ImagePicker.swift in Sources */,
				3A6878A2279403FD00069424 /* MainView.swift in Sources */,
				44BAE2FA278EC2DD002FFFCE /* WelcomeView.swift in Sources */,
				3A8E9BD42794164700B791F3 /* ChoiceCellModel.swift in Sources */,
				3A1F6D7627A78BDF00DB84CC /* Quotes.swift in Sources */,
				3AFA773D27A6D30300FDC987 /* R.generated.swift in Sources */,
				3A1F6D8427A7A37300DB84CC /* NetworkServiceProtocols.swift in Sources */,
				44BAE30B278EE4F9002FFFCE /* CustomButton.swift in Sources */,
				3A8E9BD6279417F800B791F3 /* ChoiceCellView.swift in Sources */,
				446B7F6B278E94D0002B38DD /* ContentView.swift in Sources */,
				3A1F6D7127A77EBD00DB84CC /* URLFactory.swift in Sources */,
				3A1F6D6F27A77C8400DB84CC /* URLProvider.swift in Sources */,
				446B7F69278E94D0002B38DD /* MeditationApp.swift in Sources */,
				3A6403FF2797FB4700466FA4 /* ContentImageView.swift in Sources */,
				44BAE306278EE41E002FFFCE /* LoginView.swift in Sources */,
				3A8E9BDA2794585700B791F3 /* CardView.swift in Sources */,
				3AFA773627A6972700FDC987 /* Constants.swift in Sources */,
				449E21EB278FFCD300464D7E /* Placeholder.swift in Sources */,
				3A6403FB2797E80400466FA4 /* ImageView.swift in Sources */,
				3A13C60027A3A0E00058E532 /* NetworkServiceError.swift in Sources */,
				3ABC93F227946F23006CA916 /* NetworkService.swift in Sources */,
				3A1F6D7827A78BF700DB84CC /* Feelings.swift in Sources */,
			);
			runOnlyForDeploymentPostprocessing = 0;
		};
/* End PBXSourcesBuildPhase section */

/* Begin XCBuildConfiguration section */
		446B7F71278E94D1002B38DD /* Debug */ = {
			isa = XCBuildConfiguration;
			buildSettings = {
				ALWAYS_SEARCH_USER_PATHS = NO;
				CLANG_ANALYZER_NONNULL = YES;
				CLANG_ANALYZER_NUMBER_OBJECT_CONVERSION = YES_AGGRESSIVE;
				CLANG_CXX_LANGUAGE_STANDARD = "gnu++17";
				CLANG_CXX_LIBRARY = "libc++";
				CLANG_ENABLE_MODULES = YES;
				CLANG_ENABLE_OBJC_ARC = YES;
				CLANG_ENABLE_OBJC_WEAK = YES;
				CLANG_WARN_BLOCK_CAPTURE_AUTORELEASING = YES;
				CLANG_WARN_BOOL_CONVERSION = YES;
				CLANG_WARN_COMMA = YES;
				CLANG_WARN_CONSTANT_CONVERSION = YES;
				CLANG_WARN_DEPRECATED_OBJC_IMPLEMENTATIONS = YES;
				CLANG_WARN_DIRECT_OBJC_ISA_USAGE = YES_ERROR;
				CLANG_WARN_DOCUMENTATION_COMMENTS = YES;
				CLANG_WARN_EMPTY_BODY = YES;
				CLANG_WARN_ENUM_CONVERSION = YES;
				CLANG_WARN_INFINITE_RECURSION = YES;
				CLANG_WARN_INT_CONVERSION = YES;
				CLANG_WARN_NON_LITERAL_NULL_CONVERSION = YES;
				CLANG_WARN_OBJC_IMPLICIT_RETAIN_SELF = YES;
				CLANG_WARN_OBJC_LITERAL_CONVERSION = YES;
				CLANG_WARN_OBJC_ROOT_CLASS = YES_ERROR;
				CLANG_WARN_QUOTED_INCLUDE_IN_FRAMEWORK_HEADER = YES;
				CLANG_WARN_RANGE_LOOP_ANALYSIS = YES;
				CLANG_WARN_STRICT_PROTOTYPES = YES;
				CLANG_WARN_SUSPICIOUS_MOVE = YES;
				CLANG_WARN_UNGUARDED_AVAILABILITY = YES_AGGRESSIVE;
				CLANG_WARN_UNREACHABLE_CODE = YES;
				CLANG_WARN__DUPLICATE_METHOD_MATCH = YES;
				COPY_PHASE_STRIP = NO;
				DEBUG_INFORMATION_FORMAT = dwarf;
				ENABLE_STRICT_OBJC_MSGSEND = YES;
				ENABLE_TESTABILITY = YES;
				GCC_C_LANGUAGE_STANDARD = gnu11;
				GCC_DYNAMIC_NO_PIC = NO;
				GCC_NO_COMMON_BLOCKS = YES;
				GCC_OPTIMIZATION_LEVEL = 0;
				GCC_PREPROCESSOR_DEFINITIONS = (
					"DEBUG=1",
					"$(inherited)",
				);
				GCC_WARN_64_TO_32_BIT_CONVERSION = YES;
				GCC_WARN_ABOUT_RETURN_TYPE = YES_ERROR;
				GCC_WARN_UNDECLARED_SELECTOR = YES;
				GCC_WARN_UNINITIALIZED_AUTOS = YES_AGGRESSIVE;
				GCC_WARN_UNUSED_FUNCTION = YES;
				GCC_WARN_UNUSED_VARIABLE = YES;
				IPHONEOS_DEPLOYMENT_TARGET = 15.0;
				MTL_ENABLE_DEBUG_INFO = INCLUDE_SOURCE;
				MTL_FAST_MATH = YES;
				ONLY_ACTIVE_ARCH = YES;
				SDKROOT = iphoneos;
				SWIFT_ACTIVE_COMPILATION_CONDITIONS = DEBUG;
				SWIFT_OPTIMIZATION_LEVEL = "-Onone";
			};
			name = Debug;
		};
		446B7F72278E94D1002B38DD /* Release */ = {
			isa = XCBuildConfiguration;
			buildSettings = {
				ALWAYS_SEARCH_USER_PATHS = NO;
				CLANG_ANALYZER_NONNULL = YES;
				CLANG_ANALYZER_NUMBER_OBJECT_CONVERSION = YES_AGGRESSIVE;
				CLANG_CXX_LANGUAGE_STANDARD = "gnu++17";
				CLANG_CXX_LIBRARY = "libc++";
				CLANG_ENABLE_MODULES = YES;
				CLANG_ENABLE_OBJC_ARC = YES;
				CLANG_ENABLE_OBJC_WEAK = YES;
				CLANG_WARN_BLOCK_CAPTURE_AUTORELEASING = YES;
				CLANG_WARN_BOOL_CONVERSION = YES;
				CLANG_WARN_COMMA = YES;
				CLANG_WARN_CONSTANT_CONVERSION = YES;
				CLANG_WARN_DEPRECATED_OBJC_IMPLEMENTATIONS = YES;
				CLANG_WARN_DIRECT_OBJC_ISA_USAGE = YES_ERROR;
				CLANG_WARN_DOCUMENTATION_COMMENTS = YES;
				CLANG_WARN_EMPTY_BODY = YES;
				CLANG_WARN_ENUM_CONVERSION = YES;
				CLANG_WARN_INFINITE_RECURSION = YES;
				CLANG_WARN_INT_CONVERSION = YES;
				CLANG_WARN_NON_LITERAL_NULL_CONVERSION = YES;
				CLANG_WARN_OBJC_IMPLICIT_RETAIN_SELF = YES;
				CLANG_WARN_OBJC_LITERAL_CONVERSION = YES;
				CLANG_WARN_OBJC_ROOT_CLASS = YES_ERROR;
				CLANG_WARN_QUOTED_INCLUDE_IN_FRAMEWORK_HEADER = YES;
				CLANG_WARN_RANGE_LOOP_ANALYSIS = YES;
				CLANG_WARN_STRICT_PROTOTYPES = YES;
				CLANG_WARN_SUSPICIOUS_MOVE = YES;
				CLANG_WARN_UNGUARDED_AVAILABILITY = YES_AGGRESSIVE;
				CLANG_WARN_UNREACHABLE_CODE = YES;
				CLANG_WARN__DUPLICATE_METHOD_MATCH = YES;
				COPY_PHASE_STRIP = NO;
				DEBUG_INFORMATION_FORMAT = "dwarf-with-dsym";
				ENABLE_NS_ASSERTIONS = NO;
				ENABLE_STRICT_OBJC_MSGSEND = YES;
				GCC_C_LANGUAGE_STANDARD = gnu11;
				GCC_NO_COMMON_BLOCKS = YES;
				GCC_WARN_64_TO_32_BIT_CONVERSION = YES;
				GCC_WARN_ABOUT_RETURN_TYPE = YES_ERROR;
				GCC_WARN_UNDECLARED_SELECTOR = YES;
				GCC_WARN_UNINITIALIZED_AUTOS = YES_AGGRESSIVE;
				GCC_WARN_UNUSED_FUNCTION = YES;
				GCC_WARN_UNUSED_VARIABLE = YES;
				IPHONEOS_DEPLOYMENT_TARGET = 15.0;
				MTL_ENABLE_DEBUG_INFO = NO;
				MTL_FAST_MATH = YES;
				SDKROOT = iphoneos;
				SWIFT_COMPILATION_MODE = wholemodule;
				SWIFT_OPTIMIZATION_LEVEL = "-O";
				VALIDATE_PRODUCT = YES;
			};
			name = Release;
		};
		446B7F74278E94D1002B38DD /* Debug */ = {
			isa = XCBuildConfiguration;
			baseConfigurationReference = CE2DDFE0712916AFCC50B99C /* Pods-Meditation.debug.xcconfig */;
			buildSettings = {
				ASSETCATALOG_COMPILER_APPICON_NAME = AppIcon;
				ASSETCATALOG_COMPILER_GLOBAL_ACCENT_COLOR_NAME = AccentColor;
				CODE_SIGN_STYLE = Automatic;
				CURRENT_PROJECT_VERSION = 1;
				DEVELOPMENT_ASSET_PATHS = "\"Resources/Preview Content\"";
				DEVELOPMENT_TEAM = 73S8J9N7ZU;
				ENABLE_PREVIEWS = YES;
				GENERATE_INFOPLIST_FILE = YES;
				INFOPLIST_FILE = "Meditation/Supporting Files/Info.plist";
				INFOPLIST_KEY_UIApplicationSceneManifest_Generation = YES;
				INFOPLIST_KEY_UIApplicationSupportsIndirectInputEvents = YES;
				INFOPLIST_KEY_UILaunchScreen_Generation = YES;
				INFOPLIST_KEY_UILaunchStoryboardName = LaunchScreen;
				INFOPLIST_KEY_UISupportedInterfaceOrientations_iPad = "UIInterfaceOrientationPortrait UIInterfaceOrientationPortraitUpsideDown UIInterfaceOrientationLandscapeLeft UIInterfaceOrientationLandscapeRight";
				INFOPLIST_KEY_UISupportedInterfaceOrientations_iPhone = "UIInterfaceOrientationPortrait UIInterfaceOrientationLandscapeLeft UIInterfaceOrientationLandscapeRight";
				IPHONEOS_DEPLOYMENT_TARGET = 15.0;
				LD_RUNPATH_SEARCH_PATHS = (
					"$(inherited)",
					"@executable_path/Frameworks",
				);
				MARKETING_VERSION = 1.0;
				PRODUCT_BUNDLE_IDENTIFIER = KriDan.Meditation;
				PRODUCT_NAME = "$(TARGET_NAME)";
				SWIFT_EMIT_LOC_STRINGS = YES;
				SWIFT_VERSION = 5.0;
				TARGETED_DEVICE_FAMILY = "1,2";
			};
			name = Debug;
		};
		446B7F75278E94D1002B38DD /* Release */ = {
			isa = XCBuildConfiguration;
			baseConfigurationReference = 6C60FD9B50BD38526638F152 /* Pods-Meditation.release.xcconfig */;
			buildSettings = {
				ASSETCATALOG_COMPILER_APPICON_NAME = AppIcon;
				ASSETCATALOG_COMPILER_GLOBAL_ACCENT_COLOR_NAME = AccentColor;
				CODE_SIGN_STYLE = Automatic;
				CURRENT_PROJECT_VERSION = 1;
				DEVELOPMENT_ASSET_PATHS = "\"Resources/Preview Content\"";
				DEVELOPMENT_TEAM = 73S8J9N7ZU;
				ENABLE_PREVIEWS = YES;
				GENERATE_INFOPLIST_FILE = YES;
				INFOPLIST_FILE = "Meditation/Supporting Files/Info.plist";
				INFOPLIST_KEY_UIApplicationSceneManifest_Generation = YES;
				INFOPLIST_KEY_UIApplicationSupportsIndirectInputEvents = YES;
				INFOPLIST_KEY_UILaunchScreen_Generation = YES;
				INFOPLIST_KEY_UILaunchStoryboardName = LaunchScreen;
				INFOPLIST_KEY_UISupportedInterfaceOrientations_iPad = "UIInterfaceOrientationPortrait UIInterfaceOrientationPortraitUpsideDown UIInterfaceOrientationLandscapeLeft UIInterfaceOrientationLandscapeRight";
				INFOPLIST_KEY_UISupportedInterfaceOrientations_iPhone = "UIInterfaceOrientationPortrait UIInterfaceOrientationLandscapeLeft UIInterfaceOrientationLandscapeRight";
				IPHONEOS_DEPLOYMENT_TARGET = 15.0;
				LD_RUNPATH_SEARCH_PATHS = (
					"$(inherited)",
					"@executable_path/Frameworks",
				);
				MARKETING_VERSION = 1.0;
				PRODUCT_BUNDLE_IDENTIFIER = KriDan.Meditation;
				PRODUCT_NAME = "$(TARGET_NAME)";
				SWIFT_EMIT_LOC_STRINGS = YES;
				SWIFT_VERSION = 5.0;
				TARGETED_DEVICE_FAMILY = "1,2";
			};
			name = Release;
		};
/* End XCBuildConfiguration section */

/* Begin XCConfigurationList section */
		446B7F60278E94D0002B38DD /* Build configuration list for PBXProject "Meditation" */ = {
			isa = XCConfigurationList;
			buildConfigurations = (
				446B7F71278E94D1002B38DD /* Debug */,
				446B7F72278E94D1002B38DD /* Release */,
			);
			defaultConfigurationIsVisible = 0;
			defaultConfigurationName = Release;
		};
		446B7F73278E94D1002B38DD /* Build configuration list for PBXNativeTarget "Meditation" */ = {
			isa = XCConfigurationList;
			buildConfigurations = (
				446B7F74278E94D1002B38DD /* Debug */,
				446B7F75278E94D1002B38DD /* Release */,
			);
			defaultConfigurationIsVisible = 0;
			defaultConfigurationName = Release;
		};
/* End XCConfigurationList section */
	};
	rootObject = 446B7F5D278E94D0002B38DD /* Project object */;
}
